// !$*UTF8*$!
{
	archiveVersion = 1;
	classes = {
	};
	objectVersion = 48;
	objects = {

/* Begin PBXBuildFile section */
		570AA19620447DCF00B4EB0B /* ArrowNode.swift in Sources */ = {isa = PBXBuildFile; fileRef = 570AA19520447DCF00B4EB0B /* ArrowNode.swift */; };
		570AA19720447DCF00B4EB0B /* ArrowNode.swift in Sources */ = {isa = PBXBuildFile; fileRef = 570AA19520447DCF00B4EB0B /* ArrowNode.swift */; };
		570AA19820447DCF00B4EB0B /* ArrowNode.swift in Sources */ = {isa = PBXBuildFile; fileRef = 570AA19520447DCF00B4EB0B /* ArrowNode.swift */; };
		5758C033204474C200F552AA /* Int2+Initialization.swift in Sources */ = {isa = PBXBuildFile; fileRef = 5758C032204474C200F552AA /* Int2+Initialization.swift */; };
		5758C034204474C200F552AA /* Int2+Initialization.swift in Sources */ = {isa = PBXBuildFile; fileRef = 5758C032204474C200F552AA /* Int2+Initialization.swift */; };
		5758C035204474C200F552AA /* Int2+Initialization.swift in Sources */ = {isa = PBXBuildFile; fileRef = 5758C032204474C200F552AA /* Int2+Initialization.swift */; };
		5758C0372044762A00F552AA /* MoveType.swift in Sources */ = {isa = PBXBuildFile; fileRef = 5758C0362044762A00F552AA /* MoveType.swift */; };
		5758C0382044762A00F552AA /* MoveType.swift in Sources */ = {isa = PBXBuildFile; fileRef = 5758C0362044762A00F552AA /* MoveType.swift */; };
		5758C0392044762A00F552AA /* MoveType.swift in Sources */ = {isa = PBXBuildFile; fileRef = 5758C0362044762A00F552AA /* MoveType.swift */; };
		577C1ED2204876630024DB31 /* SuitNode.swift in Sources */ = {isa = PBXBuildFile; fileRef = 577C1ED1204876630024DB31 /* SuitNode.swift */; };
		577C1ED3204876630024DB31 /* SuitNode.swift in Sources */ = {isa = PBXBuildFile; fileRef = 577C1ED1204876630024DB31 /* SuitNode.swift */; };
		577C1ED4204876630024DB31 /* SuitNode.swift in Sources */ = {isa = PBXBuildFile; fileRef = 577C1ED1204876630024DB31 /* SuitNode.swift */; };
		577C1ED620487E810024DB31 /* FlipComponent.swift in Sources */ = {isa = PBXBuildFile; fileRef = 577C1ED520487E810024DB31 /* FlipComponent.swift */; };
		577C1ED720487E810024DB31 /* FlipComponent.swift in Sources */ = {isa = PBXBuildFile; fileRef = 577C1ED520487E810024DB31 /* FlipComponent.swift */; };
		577C1ED820487E810024DB31 /* FlipComponent.swift in Sources */ = {isa = PBXBuildFile; fileRef = 577C1ED520487E810024DB31 /* FlipComponent.swift */; };
		579CF3D5201D038A00DCC9CF /* SpriteKit+Inputs.swift in Sources */ = {isa = PBXBuildFile; fileRef = 579CF3D4201D038A00DCC9CF /* SpriteKit+Inputs.swift */; };
		579CF3D6201D038A00DCC9CF /* SpriteKit+Inputs.swift in Sources */ = {isa = PBXBuildFile; fileRef = 579CF3D4201D038A00DCC9CF /* SpriteKit+Inputs.swift */; };
		579CF3D7201D038A00DCC9CF /* SpriteKit+Inputs.swift in Sources */ = {isa = PBXBuildFile; fileRef = 579CF3D4201D038A00DCC9CF /* SpriteKit+Inputs.swift */; };
		579CF3D9201D0A7000DCC9CF /* InputHandler.swift in Sources */ = {isa = PBXBuildFile; fileRef = 579CF3D8201D0A7000DCC9CF /* InputHandler.swift */; };
		579CF3DA201D0A7000DCC9CF /* InputHandler.swift in Sources */ = {isa = PBXBuildFile; fileRef = 579CF3D8201D0A7000DCC9CF /* InputHandler.swift */; };
		579CF3DB201D0A7000DCC9CF /* InputHandler.swift in Sources */ = {isa = PBXBuildFile; fileRef = 579CF3D8201D0A7000DCC9CF /* InputHandler.swift */; };
		8820C2D5205FF8CC00F13014 /* FieldSelectedState.swift in Sources */ = {isa = PBXBuildFile; fileRef = 8820C2D4205FF8CC00F13014 /* FieldSelectedState.swift */; };
		8820C2D6205FF8CC00F13014 /* FieldSelectedState.swift in Sources */ = {isa = PBXBuildFile; fileRef = 8820C2D4205FF8CC00F13014 /* FieldSelectedState.swift */; };
		8820C2D7205FF8CC00F13014 /* FieldSelectedState.swift in Sources */ = {isa = PBXBuildFile; fileRef = 8820C2D4205FF8CC00F13014 /* FieldSelectedState.swift */; };
		8820C2D92060C6C000F13014 /* GKEntityExtensions.swift in Sources */ = {isa = PBXBuildFile; fileRef = 8820C2D82060C6C000F13014 /* GKEntityExtensions.swift */; };
		8820C2DA2060C6C000F13014 /* GKEntityExtensions.swift in Sources */ = {isa = PBXBuildFile; fileRef = 8820C2D82060C6C000F13014 /* GKEntityExtensions.swift */; };
		8820C2DB2060C6C000F13014 /* GKEntityExtensions.swift in Sources */ = {isa = PBXBuildFile; fileRef = 8820C2D82060C6C000F13014 /* GKEntityExtensions.swift */; };
		8820C2DD2060D9F000F13014 /* EndTurnState.swift in Sources */ = {isa = PBXBuildFile; fileRef = 8820C2DC2060D9F000F13014 /* EndTurnState.swift */; };
		8820C2DE2060D9F000F13014 /* EndTurnState.swift in Sources */ = {isa = PBXBuildFile; fileRef = 8820C2DC2060D9F000F13014 /* EndTurnState.swift */; };
		8820C2DF2060D9F000F13014 /* EndTurnState.swift in Sources */ = {isa = PBXBuildFile; fileRef = 8820C2DC2060D9F000F13014 /* EndTurnState.swift */; };
		88746FEB201E43D10011D07A /* PirateNode.swift in Sources */ = {isa = PBXBuildFile; fileRef = 88746FEA201E43D10011D07A /* PirateNode.swift */; };
		88746FEC201E43D10011D07A /* PirateNode.swift in Sources */ = {isa = PBXBuildFile; fileRef = 88746FEA201E43D10011D07A /* PirateNode.swift */; };
		88746FED201E43D10011D07A /* PirateNode.swift in Sources */ = {isa = PBXBuildFile; fileRef = 88746FEA201E43D10011D07A /* PirateNode.swift */; };
		88746FEF201E45560011D07A /* PirateEntity.swift in Sources */ = {isa = PBXBuildFile; fileRef = 88746FEE201E45560011D07A /* PirateEntity.swift */; };
		88746FF0201E45560011D07A /* PirateEntity.swift in Sources */ = {isa = PBXBuildFile; fileRef = 88746FEE201E45560011D07A /* PirateEntity.swift */; };
		88746FF1201E45560011D07A /* PirateEntity.swift in Sources */ = {isa = PBXBuildFile; fileRef = 88746FEE201E45560011D07A /* PirateEntity.swift */; };
		88D281762038BE6B0046E67E /* CellNode.swift in Sources */ = {isa = PBXBuildFile; fileRef = 88D281752038BE6B0046E67E /* CellNode.swift */; };
		88D281772038BE6B0046E67E /* CellNode.swift in Sources */ = {isa = PBXBuildFile; fileRef = 88D281752038BE6B0046E67E /* CellNode.swift */; };
		88D281782038BE6B0046E67E /* CellNode.swift in Sources */ = {isa = PBXBuildFile; fileRef = 88D281752038BE6B0046E67E /* CellNode.swift */; };
		88D2817E203ABA8E0046E67E /* SelectionComponent.swift in Sources */ = {isa = PBXBuildFile; fileRef = 88D2817D203ABA8E0046E67E /* SelectionComponent.swift */; };
		88D2817F203ABA8E0046E67E /* SelectionComponent.swift in Sources */ = {isa = PBXBuildFile; fileRef = 88D2817D203ABA8E0046E67E /* SelectionComponent.swift */; };
		88D28180203ABA8E0046E67E /* SelectionComponent.swift in Sources */ = {isa = PBXBuildFile; fileRef = 88D2817D203ABA8E0046E67E /* SelectionComponent.swift */; };
		88D28183203ABCE40046E67E /* GameState.swift in Sources */ = {isa = PBXBuildFile; fileRef = 88D28182203ABCE40046E67E /* GameState.swift */; };
		88D28184203ABCE40046E67E /* GameState.swift in Sources */ = {isa = PBXBuildFile; fileRef = 88D28182203ABCE40046E67E /* GameState.swift */; };
		88D28185203ABCE40046E67E /* GameState.swift in Sources */ = {isa = PBXBuildFile; fileRef = 88D28182203ABCE40046E67E /* GameState.swift */; };
		88D28187203ABD330046E67E /* TurnState.swift in Sources */ = {isa = PBXBuildFile; fileRef = 88D28186203ABD330046E67E /* TurnState.swift */; };
		88D28188203ABD330046E67E /* TurnState.swift in Sources */ = {isa = PBXBuildFile; fileRef = 88D28186203ABD330046E67E /* TurnState.swift */; };
		88D28189203ABD330046E67E /* TurnState.swift in Sources */ = {isa = PBXBuildFile; fileRef = 88D28186203ABD330046E67E /* TurnState.swift */; };
		88D2818B203ABD770046E67E /* StartTurnState.swift in Sources */ = {isa = PBXBuildFile; fileRef = 88D2818A203ABD770046E67E /* StartTurnState.swift */; };
		88D2818C203ABD770046E67E /* StartTurnState.swift in Sources */ = {isa = PBXBuildFile; fileRef = 88D2818A203ABD770046E67E /* StartTurnState.swift */; };
		88D2818D203ABD770046E67E /* StartTurnState.swift in Sources */ = {isa = PBXBuildFile; fileRef = 88D2818A203ABD770046E67E /* StartTurnState.swift */; };
		88D2818F203ABD980046E67E /* PirateSelectedState.swift in Sources */ = {isa = PBXBuildFile; fileRef = 88D2818E203ABD980046E67E /* PirateSelectedState.swift */; };
		88D28190203ABD980046E67E /* PirateSelectedState.swift in Sources */ = {isa = PBXBuildFile; fileRef = 88D2818E203ABD980046E67E /* PirateSelectedState.swift */; };
		88D28191203ABD980046E67E /* PirateSelectedState.swift in Sources */ = {isa = PBXBuildFile; fileRef = 88D2818E203ABD980046E67E /* PirateSelectedState.swift */; };
		88FC9613201F4FE900A979B9 /* BoardPositionComponent.swift in Sources */ = {isa = PBXBuildFile; fileRef = 88FC9612201F4FE900A979B9 /* BoardPositionComponent.swift */; };
		88FC9614201F4FE900A979B9 /* BoardPositionComponent.swift in Sources */ = {isa = PBXBuildFile; fileRef = 88FC9612201F4FE900A979B9 /* BoardPositionComponent.swift */; };
		88FC9615201F4FE900A979B9 /* BoardPositionComponent.swift in Sources */ = {isa = PBXBuildFile; fileRef = 88FC9612201F4FE900A979B9 /* BoardPositionComponent.swift */; };
		88FC9617201F501900A979B9 /* BoardPosition.swift in Sources */ = {isa = PBXBuildFile; fileRef = 88FC9616201F501900A979B9 /* BoardPosition.swift */; };
		88FC9618201F501900A979B9 /* BoardPosition.swift in Sources */ = {isa = PBXBuildFile; fileRef = 88FC9616201F501900A979B9 /* BoardPosition.swift */; };
		88FC9619201F501900A979B9 /* BoardPosition.swift in Sources */ = {isa = PBXBuildFile; fileRef = 88FC9616201F501900A979B9 /* BoardPosition.swift */; };
		88FC961C201F512B00A979B9 /* BoardGraph.swift in Sources */ = {isa = PBXBuildFile; fileRef = 88FC961B201F512B00A979B9 /* BoardGraph.swift */; };
		88FC961D201F512B00A979B9 /* BoardGraph.swift in Sources */ = {isa = PBXBuildFile; fileRef = 88FC961B201F512B00A979B9 /* BoardGraph.swift */; };
		88FC961E201F512B00A979B9 /* BoardGraph.swift in Sources */ = {isa = PBXBuildFile; fileRef = 88FC961B201F512B00A979B9 /* BoardGraph.swift */; };
		88FC9620201F558B00A979B9 /* BoardGraphNode.swift in Sources */ = {isa = PBXBuildFile; fileRef = 88FC961F201F558B00A979B9 /* BoardGraphNode.swift */; };
		88FC9621201F558B00A979B9 /* BoardGraphNode.swift in Sources */ = {isa = PBXBuildFile; fileRef = 88FC961F201F558B00A979B9 /* BoardGraphNode.swift */; };
		88FC9622201F558B00A979B9 /* BoardGraphNode.swift in Sources */ = {isa = PBXBuildFile; fileRef = 88FC961F201F558B00A979B9 /* BoardGraphNode.swift */; };
		88FC9624201F690700A979B9 /* InputHandlingComponent.swift in Sources */ = {isa = PBXBuildFile; fileRef = 88FC9623201F690700A979B9 /* InputHandlingComponent.swift */; };
		88FC9625201F690700A979B9 /* InputHandlingComponent.swift in Sources */ = {isa = PBXBuildFile; fileRef = 88FC9623201F690700A979B9 /* InputHandlingComponent.swift */; };
		88FC9626201F690700A979B9 /* InputHandlingComponent.swift in Sources */ = {isa = PBXBuildFile; fileRef = 88FC9623201F690700A979B9 /* InputHandlingComponent.swift */; };
		BD29C6EF20599955002A13DC /* SeaNodeConnector.swift in Sources */ = {isa = PBXBuildFile; fileRef = BD5E78CC205023F200DBAC18 /* SeaNodeConnector.swift */; };
		BD29C6F020599957002A13DC /* SeaNodeConnector.swift in Sources */ = {isa = PBXBuildFile; fileRef = BD5E78CC205023F200DBAC18 /* SeaNodeConnector.swift */; };
		BD29C6F120599957002A13DC /* SeaNodeConnector.swift in Sources */ = {isa = PBXBuildFile; fileRef = BD5E78CC205023F200DBAC18 /* SeaNodeConnector.swift */; };
		BD29C6F32059AAA2002A13DC /* OutboundNode.swift in Sources */ = {isa = PBXBuildFile; fileRef = BD29C6F22059AAA2002A13DC /* OutboundNode.swift */; };
		BD29C6F42059AB16002A13DC /* OutboundNode.swift in Sources */ = {isa = PBXBuildFile; fileRef = BD29C6F22059AAA2002A13DC /* OutboundNode.swift */; };
		BD29C6F52059AB17002A13DC /* OutboundNode.swift in Sources */ = {isa = PBXBuildFile; fileRef = BD29C6F22059AAA2002A13DC /* OutboundNode.swift */; };
		BD29C6F62059AB18002A13DC /* OutboundNode.swift in Sources */ = {isa = PBXBuildFile; fileRef = BD29C6F22059AAA2002A13DC /* OutboundNode.swift */; };
		BD29C6F8205AA881002A13DC /* GameBorder.swift in Sources */ = {isa = PBXBuildFile; fileRef = BD29C6F7205AA881002A13DC /* GameBorder.swift */; };
		BD29C6F9205AB0DC002A13DC /* GameBorder.swift in Sources */ = {isa = PBXBuildFile; fileRef = BD29C6F7205AA881002A13DC /* GameBorder.swift */; };
		BD29C6FA205AB0DD002A13DC /* GameBorder.swift in Sources */ = {isa = PBXBuildFile; fileRef = BD29C6F7205AA881002A13DC /* GameBorder.swift */; };
		BD29C6FB205AB0DD002A13DC /* GameBorder.swift in Sources */ = {isa = PBXBuildFile; fileRef = BD29C6F7205AA881002A13DC /* GameBorder.swift */; };
		BD5E78952046DA1C00DBAC18 /* TurntableNode.swift in Sources */ = {isa = PBXBuildFile; fileRef = BD5E78942046DA1C00DBAC18 /* TurntableNode.swift */; };
		BD5E78962046DA1C00DBAC18 /* TurntableNode.swift in Sources */ = {isa = PBXBuildFile; fileRef = BD5E78942046DA1C00DBAC18 /* TurntableNode.swift */; };
		BD5E78972046DA1C00DBAC18 /* TurntableNode.swift in Sources */ = {isa = PBXBuildFile; fileRef = BD5E78942046DA1C00DBAC18 /* TurntableNode.swift */; };
		BD5E78982046DA1C00DBAC18 /* TurntableNode.swift in Sources */ = {isa = PBXBuildFile; fileRef = BD5E78942046DA1C00DBAC18 /* TurntableNode.swift */; };
		BD5E789A2046EC2200DBAC18 /* Position.swift in Sources */ = {isa = PBXBuildFile; fileRef = BD5E78992046EC2200DBAC18 /* Position.swift */; };
		BD5E789B2046EC2200DBAC18 /* Position.swift in Sources */ = {isa = PBXBuildFile; fileRef = BD5E78992046EC2200DBAC18 /* Position.swift */; };
		BD5E789C2046EC2200DBAC18 /* Position.swift in Sources */ = {isa = PBXBuildFile; fileRef = BD5E78992046EC2200DBAC18 /* Position.swift */; };
		BD5E789D2046EC2200DBAC18 /* Position.swift in Sources */ = {isa = PBXBuildFile; fileRef = BD5E78992046EC2200DBAC18 /* Position.swift */; };
		BD5E78AF2047F74700DBAC18 /* NodeConnectorDescribing.swift in Sources */ = {isa = PBXBuildFile; fileRef = BD5E78AE2047F74700DBAC18 /* NodeConnectorDescribing.swift */; };
		BD5E78B02047F74700DBAC18 /* NodeConnectorDescribing.swift in Sources */ = {isa = PBXBuildFile; fileRef = BD5E78AE2047F74700DBAC18 /* NodeConnectorDescribing.swift */; };
		BD5E78B12047F74700DBAC18 /* NodeConnectorDescribing.swift in Sources */ = {isa = PBXBuildFile; fileRef = BD5E78AE2047F74700DBAC18 /* NodeConnectorDescribing.swift */; };
		BD5E78B22047F74700DBAC18 /* NodeConnectorDescribing.swift in Sources */ = {isa = PBXBuildFile; fileRef = BD5E78AE2047F74700DBAC18 /* NodeConnectorDescribing.swift */; };
		BD5E78B92047F85A00DBAC18 /* TurntableNodeConnector.swift in Sources */ = {isa = PBXBuildFile; fileRef = BD5E78B82047F85A00DBAC18 /* TurntableNodeConnector.swift */; };
		BD5E78BA2047F85A00DBAC18 /* TurntableNodeConnector.swift in Sources */ = {isa = PBXBuildFile; fileRef = BD5E78B82047F85A00DBAC18 /* TurntableNodeConnector.swift */; };
		BD5E78BB2047F85A00DBAC18 /* TurntableNodeConnector.swift in Sources */ = {isa = PBXBuildFile; fileRef = BD5E78B82047F85A00DBAC18 /* TurntableNodeConnector.swift */; };
		BD5E78BC2047F85A00DBAC18 /* TurntableNodeConnector.swift in Sources */ = {isa = PBXBuildFile; fileRef = BD5E78B82047F85A00DBAC18 /* TurntableNodeConnector.swift */; };
		BD5E78BE2047FBA800DBAC18 /* DefaultNodeConnector.swift in Sources */ = {isa = PBXBuildFile; fileRef = BD5E78BD2047FBA800DBAC18 /* DefaultNodeConnector.swift */; };
		BD5E78BF2047FBA800DBAC18 /* DefaultNodeConnector.swift in Sources */ = {isa = PBXBuildFile; fileRef = BD5E78BD2047FBA800DBAC18 /* DefaultNodeConnector.swift */; };
		BD5E78C02047FBA800DBAC18 /* DefaultNodeConnector.swift in Sources */ = {isa = PBXBuildFile; fileRef = BD5E78BD2047FBA800DBAC18 /* DefaultNodeConnector.swift */; };
		BD5E78C12047FBA800DBAC18 /* DefaultNodeConnector.swift in Sources */ = {isa = PBXBuildFile; fileRef = BD5E78BD2047FBA800DBAC18 /* DefaultNodeConnector.swift */; };
		BD5E78C8205022E400DBAC18 /* SeaNode.swift in Sources */ = {isa = PBXBuildFile; fileRef = BD5E78C7205022E400DBAC18 /* SeaNode.swift */; };
		BD5E78C9205023E000DBAC18 /* SeaNode.swift in Sources */ = {isa = PBXBuildFile; fileRef = BD5E78C7205022E400DBAC18 /* SeaNode.swift */; };
		BD5E78CA205023E000DBAC18 /* SeaNode.swift in Sources */ = {isa = PBXBuildFile; fileRef = BD5E78C7205022E400DBAC18 /* SeaNode.swift */; };
		BD5E78CB205023E000DBAC18 /* SeaNode.swift in Sources */ = {isa = PBXBuildFile; fileRef = BD5E78C7205022E400DBAC18 /* SeaNode.swift */; };
		BD5E78CD205023F200DBAC18 /* SeaNodeConnector.swift in Sources */ = {isa = PBXBuildFile; fileRef = BD5E78CC205023F200DBAC18 /* SeaNodeConnector.swift */; };
		BD71D30420615FED0014D28A /* IceNode.swift in Sources */ = {isa = PBXBuildFile; fileRef = BD71D30320615FED0014D28A /* IceNode.swift */; };
		BD71D3052061609D0014D28A /* IceNode.swift in Sources */ = {isa = PBXBuildFile; fileRef = BD71D30320615FED0014D28A /* IceNode.swift */; };
		BD71D3062061609E0014D28A /* IceNode.swift in Sources */ = {isa = PBXBuildFile; fileRef = BD71D30320615FED0014D28A /* IceNode.swift */; };
		BD71D3072061609E0014D28A /* IceNode.swift in Sources */ = {isa = PBXBuildFile; fileRef = BD71D30320615FED0014D28A /* IceNode.swift */; };
		BD71D309206160D80014D28A /* IceNodeConnector.swift in Sources */ = {isa = PBXBuildFile; fileRef = BD71D308206160D80014D28A /* IceNodeConnector.swift */; };
		BD71D30A206160FE0014D28A /* IceNodeConnector.swift in Sources */ = {isa = PBXBuildFile; fileRef = BD71D308206160D80014D28A /* IceNodeConnector.swift */; };
		BD71D30B206160FE0014D28A /* IceNodeConnector.swift in Sources */ = {isa = PBXBuildFile; fileRef = BD71D308206160D80014D28A /* IceNodeConnector.swift */; };
		BD71D30C206160FF0014D28A /* IceNodeConnector.swift in Sources */ = {isa = PBXBuildFile; fileRef = BD71D308206160D80014D28A /* IceNodeConnector.swift */; };
		BD71D3132063B35D0014D28A /* ShipNode.swift in Sources */ = {isa = PBXBuildFile; fileRef = BD71D3122063B35D0014D28A /* ShipNode.swift */; };
		BD71D3142063B3600014D28A /* ShipNode.swift in Sources */ = {isa = PBXBuildFile; fileRef = BD71D3122063B35D0014D28A /* ShipNode.swift */; };
		BD71D3152063B3600014D28A /* ShipNode.swift in Sources */ = {isa = PBXBuildFile; fileRef = BD71D3122063B35D0014D28A /* ShipNode.swift */; };
		BD71D3162063B3600014D28A /* ShipNode.swift in Sources */ = {isa = PBXBuildFile; fileRef = BD71D3122063B35D0014D28A /* ShipNode.swift */; };
		BD71D3182063B5970014D28A /* OutboundNodeConnector.swift in Sources */ = {isa = PBXBuildFile; fileRef = BD71D3172063B5970014D28A /* OutboundNodeConnector.swift */; };
		BD71D3192063B5970014D28A /* OutboundNodeConnector.swift in Sources */ = {isa = PBXBuildFile; fileRef = BD71D3172063B5970014D28A /* OutboundNodeConnector.swift */; };
		BD71D31A2063B5970014D28A /* OutboundNodeConnector.swift in Sources */ = {isa = PBXBuildFile; fileRef = BD71D3172063B5970014D28A /* OutboundNodeConnector.swift */; };
		BD71D31B2063B5970014D28A /* OutboundNodeConnector.swift in Sources */ = {isa = PBXBuildFile; fileRef = BD71D3172063B5970014D28A /* OutboundNodeConnector.swift */; };
		BDAC86D2203F05BD006D39DA /* HighlightedCellShader.fsh in Resources */ = {isa = PBXBuildFile; fileRef = BDAC86D1203F05BD006D39DA /* HighlightedCellShader.fsh */; };
		BDAC86D3203F05BD006D39DA /* HighlightedCellShader.fsh in Resources */ = {isa = PBXBuildFile; fileRef = BDAC86D1203F05BD006D39DA /* HighlightedCellShader.fsh */; };
		BDAC86D4203F05BD006D39DA /* HighlightedCellShader.fsh in Resources */ = {isa = PBXBuildFile; fileRef = BDAC86D1203F05BD006D39DA /* HighlightedCellShader.fsh */; };
		BDAC86D6203F0818006D39DA /* ShaderManager.swift in Sources */ = {isa = PBXBuildFile; fileRef = BDAC86D5203F0818006D39DA /* ShaderManager.swift */; };
		BDAC86D7203F0818006D39DA /* ShaderManager.swift in Sources */ = {isa = PBXBuildFile; fileRef = BDAC86D5203F0818006D39DA /* ShaderManager.swift */; };
		BDAC86D8203F0818006D39DA /* ShaderManager.swift in Sources */ = {isa = PBXBuildFile; fileRef = BDAC86D5203F0818006D39DA /* ShaderManager.swift */; };
		BDBE516220C1902900324194 /* CrocodileNode.swift in Sources */ = {isa = PBXBuildFile; fileRef = BDBE516120C1902800324194 /* CrocodileNode.swift */; };
		BDBE516320C1902D00324194 /* CrocodileNode.swift in Sources */ = {isa = PBXBuildFile; fileRef = BDBE516120C1902800324194 /* CrocodileNode.swift */; };
		BDBE516420C1902D00324194 /* CrocodileNode.swift in Sources */ = {isa = PBXBuildFile; fileRef = BDBE516120C1902800324194 /* CrocodileNode.swift */; };
		BDBE516520C1902D00324194 /* CrocodileNode.swift in Sources */ = {isa = PBXBuildFile; fileRef = BDBE516120C1902800324194 /* CrocodileNode.swift */; };
		BDBE516720C1A1F800324194 /* CrocodileNodeConnector.swift in Sources */ = {isa = PBXBuildFile; fileRef = BDBE516620C1A1F800324194 /* CrocodileNodeConnector.swift */; };
		BDBE516820C1A24400324194 /* CrocodileNodeConnector.swift in Sources */ = {isa = PBXBuildFile; fileRef = BDBE516620C1A1F800324194 /* CrocodileNodeConnector.swift */; };
		BDBE516920C1A24400324194 /* CrocodileNodeConnector.swift in Sources */ = {isa = PBXBuildFile; fileRef = BDBE516620C1A1F800324194 /* CrocodileNodeConnector.swift */; };
		BDBE516A20C1A24600324194 /* CrocodileNodeConnector.swift in Sources */ = {isa = PBXBuildFile; fileRef = BDBE516620C1A1F800324194 /* CrocodileNodeConnector.swift */; };
		FB079932204690B200F75B82 /* ActionType.swift in Sources */ = {isa = PBXBuildFile; fileRef = FB079931204690B200F75B82 /* ActionType.swift */; };
		FB079933204690B200F75B82 /* ActionType.swift in Sources */ = {isa = PBXBuildFile; fileRef = FB079931204690B200F75B82 /* ActionType.swift */; };
		FB079934204690B200F75B82 /* ActionType.swift in Sources */ = {isa = PBXBuildFile; fileRef = FB079931204690B200F75B82 /* ActionType.swift */; };
		FB07995D2046A17D00F75B82 /* AssetsTest.swift in Sources */ = {isa = PBXBuildFile; fileRef = FB07995C2046A17D00F75B82 /* AssetsTest.swift */; };
		FB07995E2046A1C000F75B82 /* FieldNodeDescribing.swift in Sources */ = {isa = PBXBuildFile; fileRef = FB20C937203F1E08008491E6 /* FieldNodeDescribing.swift */; };
		FB07995F2046A1C000F75B82 /* EmptyNode.swift in Sources */ = {isa = PBXBuildFile; fileRef = FB20C93B203F1ED8008491E6 /* EmptyNode.swift */; };
		FB0799602046A1C000F75B82 /* ArrowNode.swift in Sources */ = {isa = PBXBuildFile; fileRef = 570AA19520447DCF00B4EB0B /* ArrowNode.swift */; };
		FB0799612046A1C500F75B82 /* Move.swift in Sources */ = {isa = PBXBuildFile; fileRef = FB20C940203F28AB008491E6 /* Move.swift */; };
		FB0799622046A1C500F75B82 /* MoveType.swift in Sources */ = {isa = PBXBuildFile; fileRef = 5758C0362044762A00F552AA /* MoveType.swift */; };
		FB0799632046A1C500F75B82 /* Rotation.swift in Sources */ = {isa = PBXBuildFile; fileRef = FB20C945203F2A16008491E6 /* Rotation.swift */; };
		FB0799642046A1C500F75B82 /* ActionType.swift in Sources */ = {isa = PBXBuildFile; fileRef = FB079931204690B200F75B82 /* ActionType.swift */; };
		FB20C938203F1E08008491E6 /* FieldNodeDescribing.swift in Sources */ = {isa = PBXBuildFile; fileRef = FB20C937203F1E08008491E6 /* FieldNodeDescribing.swift */; };
		FB20C939203F1E08008491E6 /* FieldNodeDescribing.swift in Sources */ = {isa = PBXBuildFile; fileRef = FB20C937203F1E08008491E6 /* FieldNodeDescribing.swift */; };
		FB20C93A203F1E08008491E6 /* FieldNodeDescribing.swift in Sources */ = {isa = PBXBuildFile; fileRef = FB20C937203F1E08008491E6 /* FieldNodeDescribing.swift */; };
		FB20C93C203F1ED8008491E6 /* EmptyNode.swift in Sources */ = {isa = PBXBuildFile; fileRef = FB20C93B203F1ED8008491E6 /* EmptyNode.swift */; };
		FB20C93D203F1ED8008491E6 /* EmptyNode.swift in Sources */ = {isa = PBXBuildFile; fileRef = FB20C93B203F1ED8008491E6 /* EmptyNode.swift */; };
		FB20C93E203F1ED8008491E6 /* EmptyNode.swift in Sources */ = {isa = PBXBuildFile; fileRef = FB20C93B203F1ED8008491E6 /* EmptyNode.swift */; };
		FB20C941203F28AB008491E6 /* Move.swift in Sources */ = {isa = PBXBuildFile; fileRef = FB20C940203F28AB008491E6 /* Move.swift */; };
		FB20C942203F28AB008491E6 /* Move.swift in Sources */ = {isa = PBXBuildFile; fileRef = FB20C940203F28AB008491E6 /* Move.swift */; };
		FB20C943203F28AB008491E6 /* Move.swift in Sources */ = {isa = PBXBuildFile; fileRef = FB20C940203F28AB008491E6 /* Move.swift */; };
		FB20C946203F2A16008491E6 /* Rotation.swift in Sources */ = {isa = PBXBuildFile; fileRef = FB20C945203F2A16008491E6 /* Rotation.swift */; };
		FB20C947203F2A16008491E6 /* Rotation.swift in Sources */ = {isa = PBXBuildFile; fileRef = FB20C945203F2A16008491E6 /* Rotation.swift */; };
		FB20C948203F2A16008491E6 /* Rotation.swift in Sources */ = {isa = PBXBuildFile; fileRef = FB20C945203F2A16008491E6 /* Rotation.swift */; };
		FB20C94E203F2E20008491E6 /* Level+StandartConfiguration.swift in Sources */ = {isa = PBXBuildFile; fileRef = FB20C94D203F2E20008491E6 /* Level+StandartConfiguration.swift */; };
		FB20C94F203F2E20008491E6 /* Level+StandartConfiguration.swift in Sources */ = {isa = PBXBuildFile; fileRef = FB20C94D203F2E20008491E6 /* Level+StandartConfiguration.swift */; };
		FB20C950203F2E20008491E6 /* Level+StandartConfiguration.swift in Sources */ = {isa = PBXBuildFile; fileRef = FB20C94D203F2E20008491E6 /* Level+StandartConfiguration.swift */; };
		FB53EEF620C5A27C00C2F95A /* GoldNode.swift in Sources */ = {isa = PBXBuildFile; fileRef = FB53EEF520C5A27C00C2F95A /* GoldNode.swift */; };
		FB53EEF720C5A27C00C2F95A /* GoldNode.swift in Sources */ = {isa = PBXBuildFile; fileRef = FB53EEF520C5A27C00C2F95A /* GoldNode.swift */; };
		FB53EEF820C5A27C00C2F95A /* GoldNode.swift in Sources */ = {isa = PBXBuildFile; fileRef = FB53EEF520C5A27C00C2F95A /* GoldNode.swift */; };
		FB53EEF920C5A27C00C2F95A /* GoldNode.swift in Sources */ = {isa = PBXBuildFile; fileRef = FB53EEF520C5A27C00C2F95A /* GoldNode.swift */; };
		FB77E690201615CC00B9A75B /* CellEntity.swift in Sources */ = {isa = PBXBuildFile; fileRef = FB77E68F201615CC00B9A75B /* CellEntity.swift */; };
		FB77E691201615CC00B9A75B /* CellEntity.swift in Sources */ = {isa = PBXBuildFile; fileRef = FB77E68F201615CC00B9A75B /* CellEntity.swift */; };
		FB77E692201615CC00B9A75B /* CellEntity.swift in Sources */ = {isa = PBXBuildFile; fileRef = FB77E68F201615CC00B9A75B /* CellEntity.swift */; };
		FB77E6942016162F00B9A75B /* SpriteComponent.swift in Sources */ = {isa = PBXBuildFile; fileRef = FB77E6932016162F00B9A75B /* SpriteComponent.swift */; };
		FB77E6952016162F00B9A75B /* SpriteComponent.swift in Sources */ = {isa = PBXBuildFile; fileRef = FB77E6932016162F00B9A75B /* SpriteComponent.swift */; };
		FB77E6962016162F00B9A75B /* SpriteComponent.swift in Sources */ = {isa = PBXBuildFile; fileRef = FB77E6932016162F00B9A75B /* SpriteComponent.swift */; };
		FB77E6982016172400B9A75B /* Level.swift in Sources */ = {isa = PBXBuildFile; fileRef = FB77E6972016172400B9A75B /* Level.swift */; };
		FB77E6992016172400B9A75B /* Level.swift in Sources */ = {isa = PBXBuildFile; fileRef = FB77E6972016172400B9A75B /* Level.swift */; };
		FB77E69A2016172400B9A75B /* Level.swift in Sources */ = {isa = PBXBuildFile; fileRef = FB77E6972016172400B9A75B /* Level.swift */; };
		FB77E69D20161D8500B9A75B /* Game.swift in Sources */ = {isa = PBXBuildFile; fileRef = FB77E69C20161D8500B9A75B /* Game.swift */; };
		FB77E69E20161D8500B9A75B /* Game.swift in Sources */ = {isa = PBXBuildFile; fileRef = FB77E69C20161D8500B9A75B /* Game.swift */; };
		FB77E69F20161D8500B9A75B /* Game.swift in Sources */ = {isa = PBXBuildFile; fileRef = FB77E69C20161D8500B9A75B /* Game.swift */; };
		FB8A33A020D2B5160048FF4E /* GoldSpriteNode.swift in Sources */ = {isa = PBXBuildFile; fileRef = FB8A339F20D2B5160048FF4E /* GoldSpriteNode.swift */; };
		FB8A33A120D2B5160048FF4E /* GoldSpriteNode.swift in Sources */ = {isa = PBXBuildFile; fileRef = FB8A339F20D2B5160048FF4E /* GoldSpriteNode.swift */; };
		FB8A33A220D2B5160048FF4E /* GoldSpriteNode.swift in Sources */ = {isa = PBXBuildFile; fileRef = FB8A339F20D2B5160048FF4E /* GoldSpriteNode.swift */; };
		FB8A33A320D2B5160048FF4E /* GoldSpriteNode.swift in Sources */ = {isa = PBXBuildFile; fileRef = FB8A339F20D2B5160048FF4E /* GoldSpriteNode.swift */; };
		FB9C53D92046D83600CE366D /* HorseNode.swift in Sources */ = {isa = PBXBuildFile; fileRef = FB9C53D82046D83600CE366D /* HorseNode.swift */; };
		FB9C53DA2046D83600CE366D /* HorseNode.swift in Sources */ = {isa = PBXBuildFile; fileRef = FB9C53D82046D83600CE366D /* HorseNode.swift */; };
		FB9C53DB2046D83600CE366D /* HorseNode.swift in Sources */ = {isa = PBXBuildFile; fileRef = FB9C53D82046D83600CE366D /* HorseNode.swift */; };
		FB9C53DC2046D83A00CE366D /* HorseNode.swift in Sources */ = {isa = PBXBuildFile; fileRef = FB9C53D82046D83600CE366D /* HorseNode.swift */; };
		FBC43404200739AC00134AB7 /* AppDelegate.swift in Sources */ = {isa = PBXBuildFile; fileRef = FBC43403200739AC00134AB7 /* AppDelegate.swift */; };
		FBC43406200739AC00134AB7 /* GameViewController.swift in Sources */ = {isa = PBXBuildFile; fileRef = FBC43405200739AC00134AB7 /* GameViewController.swift */; };
		FBC43409200739AC00134AB7 /* Main.storyboard in Resources */ = {isa = PBXBuildFile; fileRef = FBC43407200739AC00134AB7 /* Main.storyboard */; };
		FBC4340C200739AC00134AB7 /* LaunchScreen.storyboard in Resources */ = {isa = PBXBuildFile; fileRef = FBC4340A200739AC00134AB7 /* LaunchScreen.storyboard */; };
		FBC4342E200739AC00134AB7 /* AppDelegate.swift in Sources */ = {isa = PBXBuildFile; fileRef = FBC4342D200739AC00134AB7 /* AppDelegate.swift */; };
		FBC43430200739AC00134AB7 /* GameViewController.swift in Sources */ = {isa = PBXBuildFile; fileRef = FBC4342F200739AC00134AB7 /* GameViewController.swift */; };
		FBC43433200739AC00134AB7 /* Main.storyboard in Resources */ = {isa = PBXBuildFile; fileRef = FBC43431200739AC00134AB7 /* Main.storyboard */; };
		FBC4343C200739AC00134AB7 /* AppDelegate.swift in Sources */ = {isa = PBXBuildFile; fileRef = FBC4343B200739AC00134AB7 /* AppDelegate.swift */; };
		FBC4343E200739AC00134AB7 /* GameViewController.swift in Sources */ = {isa = PBXBuildFile; fileRef = FBC4343D200739AC00134AB7 /* GameViewController.swift */; };
		FBC43441200739AC00134AB7 /* Main.storyboard in Resources */ = {isa = PBXBuildFile; fileRef = FBC4343F200739AC00134AB7 /* Main.storyboard */; };
		FBC43446200739AC00134AB7 /* GameScene.sks in Resources */ = {isa = PBXBuildFile; fileRef = FBC433F9200739AC00134AB7 /* GameScene.sks */; };
		FBC43448200739AC00134AB7 /* GameScene.sks in Resources */ = {isa = PBXBuildFile; fileRef = FBC433F9200739AC00134AB7 /* GameScene.sks */; };
		FBC43449200739AC00134AB7 /* GameScene.sks in Resources */ = {isa = PBXBuildFile; fileRef = FBC433F9200739AC00134AB7 /* GameScene.sks */; };
		FBC4344A200739AC00134AB7 /* GameScene.swift in Sources */ = {isa = PBXBuildFile; fileRef = FBC433FA200739AC00134AB7 /* GameScene.swift */; };
		FBC4344C200739AC00134AB7 /* GameScene.swift in Sources */ = {isa = PBXBuildFile; fileRef = FBC433FA200739AC00134AB7 /* GameScene.swift */; };
		FBC4344D200739AC00134AB7 /* GameScene.swift in Sources */ = {isa = PBXBuildFile; fileRef = FBC433FA200739AC00134AB7 /* GameScene.swift */; };
		FBC4344E200739AC00134AB7 /* Assets.xcassets in Resources */ = {isa = PBXBuildFile; fileRef = FBC433FB200739AC00134AB7 /* Assets.xcassets */; };
		FBC43450200739AC00134AB7 /* Assets.xcassets in Resources */ = {isa = PBXBuildFile; fileRef = FBC433FB200739AC00134AB7 /* Assets.xcassets */; };
		FBC43451200739AC00134AB7 /* Assets.xcassets in Resources */ = {isa = PBXBuildFile; fileRef = FBC433FB200739AC00134AB7 /* Assets.xcassets */; };
/* End PBXBuildFile section */

/* Begin PBXContainerItemProxy section */
		FB0799572046A16C00F75B82 /* PBXContainerItemProxy */ = {
			isa = PBXContainerItemProxy;
			containerPortal = FBC433F3200739AC00134AB7 /* Project object */;
			proxyType = 1;
			remoteGlobalIDString = FBC433FF200739AC00134AB7;
			remoteInfo = "Jackal iOS";
		};
/* End PBXContainerItemProxy section */

/* Begin PBXCopyFilesBuildPhase section */
		FBC4345B200739AC00134AB7 /* Embed Watch Content */ = {
			isa = PBXCopyFilesBuildPhase;
			buildActionMask = 2147483647;
			dstPath = "$(CONTENTS_FOLDER_PATH)/Watch";
			dstSubfolderSpec = 16;
			files = (
			);
			name = "Embed Watch Content";
			runOnlyForDeploymentPostprocessing = 0;
		};
/* End PBXCopyFilesBuildPhase section */

/* Begin PBXFileReference section */
		570AA19520447DCF00B4EB0B /* ArrowNode.swift */ = {isa = PBXFileReference; lastKnownFileType = sourcecode.swift; path = ArrowNode.swift; sourceTree = "<group>"; };
		5758C032204474C200F552AA /* Int2+Initialization.swift */ = {isa = PBXFileReference; lastKnownFileType = sourcecode.swift; path = "Int2+Initialization.swift"; sourceTree = "<group>"; };
		5758C0362044762A00F552AA /* MoveType.swift */ = {isa = PBXFileReference; lastKnownFileType = sourcecode.swift; path = MoveType.swift; sourceTree = "<group>"; };
		577C1ED1204876630024DB31 /* SuitNode.swift */ = {isa = PBXFileReference; lastKnownFileType = sourcecode.swift; path = SuitNode.swift; sourceTree = "<group>"; };
		577C1ED520487E810024DB31 /* FlipComponent.swift */ = {isa = PBXFileReference; lastKnownFileType = sourcecode.swift; path = FlipComponent.swift; sourceTree = "<group>"; };
		579CF3D4201D038A00DCC9CF /* SpriteKit+Inputs.swift */ = {isa = PBXFileReference; lastKnownFileType = sourcecode.swift; path = "SpriteKit+Inputs.swift"; sourceTree = "<group>"; };
		579CF3D8201D0A7000DCC9CF /* InputHandler.swift */ = {isa = PBXFileReference; lastKnownFileType = sourcecode.swift; path = InputHandler.swift; sourceTree = "<group>"; };
		8820C2D4205FF8CC00F13014 /* FieldSelectedState.swift */ = {isa = PBXFileReference; lastKnownFileType = sourcecode.swift; path = FieldSelectedState.swift; sourceTree = "<group>"; };
		8820C2D82060C6C000F13014 /* GKEntityExtensions.swift */ = {isa = PBXFileReference; lastKnownFileType = sourcecode.swift; path = GKEntityExtensions.swift; sourceTree = "<group>"; };
		8820C2DC2060D9F000F13014 /* EndTurnState.swift */ = {isa = PBXFileReference; lastKnownFileType = sourcecode.swift; path = EndTurnState.swift; sourceTree = "<group>"; };
		88746FEA201E43D10011D07A /* PirateNode.swift */ = {isa = PBXFileReference; lastKnownFileType = sourcecode.swift; path = PirateNode.swift; sourceTree = "<group>"; };
		88746FEE201E45560011D07A /* PirateEntity.swift */ = {isa = PBXFileReference; lastKnownFileType = sourcecode.swift; path = PirateEntity.swift; sourceTree = "<group>"; };
		88D281752038BE6B0046E67E /* CellNode.swift */ = {isa = PBXFileReference; lastKnownFileType = sourcecode.swift; path = CellNode.swift; sourceTree = "<group>"; };
		88D2817D203ABA8E0046E67E /* SelectionComponent.swift */ = {isa = PBXFileReference; lastKnownFileType = sourcecode.swift; path = SelectionComponent.swift; sourceTree = "<group>"; };
		88D28182203ABCE40046E67E /* GameState.swift */ = {isa = PBXFileReference; lastKnownFileType = sourcecode.swift; path = GameState.swift; sourceTree = "<group>"; };
		88D28186203ABD330046E67E /* TurnState.swift */ = {isa = PBXFileReference; lastKnownFileType = sourcecode.swift; path = TurnState.swift; sourceTree = "<group>"; };
		88D2818A203ABD770046E67E /* StartTurnState.swift */ = {isa = PBXFileReference; lastKnownFileType = sourcecode.swift; path = StartTurnState.swift; sourceTree = "<group>"; };
		88D2818E203ABD980046E67E /* PirateSelectedState.swift */ = {isa = PBXFileReference; lastKnownFileType = sourcecode.swift; path = PirateSelectedState.swift; sourceTree = "<group>"; };
		88FC9612201F4FE900A979B9 /* BoardPositionComponent.swift */ = {isa = PBXFileReference; lastKnownFileType = sourcecode.swift; path = BoardPositionComponent.swift; sourceTree = "<group>"; };
		88FC9616201F501900A979B9 /* BoardPosition.swift */ = {isa = PBXFileReference; lastKnownFileType = sourcecode.swift; path = BoardPosition.swift; sourceTree = "<group>"; };
		88FC961B201F512B00A979B9 /* BoardGraph.swift */ = {isa = PBXFileReference; lastKnownFileType = sourcecode.swift; path = BoardGraph.swift; sourceTree = "<group>"; };
		88FC961F201F558B00A979B9 /* BoardGraphNode.swift */ = {isa = PBXFileReference; lastKnownFileType = sourcecode.swift; path = BoardGraphNode.swift; sourceTree = "<group>"; };
		88FC9623201F690700A979B9 /* InputHandlingComponent.swift */ = {isa = PBXFileReference; lastKnownFileType = sourcecode.swift; path = InputHandlingComponent.swift; sourceTree = "<group>"; };
		BD29C6F22059AAA2002A13DC /* OutboundNode.swift */ = {isa = PBXFileReference; lastKnownFileType = sourcecode.swift; path = OutboundNode.swift; sourceTree = "<group>"; };
		BD29C6F7205AA881002A13DC /* GameBorder.swift */ = {isa = PBXFileReference; lastKnownFileType = sourcecode.swift; path = GameBorder.swift; sourceTree = "<group>"; };
		BD5E78942046DA1C00DBAC18 /* TurntableNode.swift */ = {isa = PBXFileReference; lastKnownFileType = sourcecode.swift; path = TurntableNode.swift; sourceTree = "<group>"; };
		BD5E78992046EC2200DBAC18 /* Position.swift */ = {isa = PBXFileReference; lastKnownFileType = sourcecode.swift; path = Position.swift; sourceTree = "<group>"; };
		BD5E78AE2047F74700DBAC18 /* NodeConnectorDescribing.swift */ = {isa = PBXFileReference; fileEncoding = 4; lastKnownFileType = sourcecode.swift; path = NodeConnectorDescribing.swift; sourceTree = "<group>"; };
		BD5E78B82047F85A00DBAC18 /* TurntableNodeConnector.swift */ = {isa = PBXFileReference; lastKnownFileType = sourcecode.swift; path = TurntableNodeConnector.swift; sourceTree = "<group>"; };
		BD5E78BD2047FBA800DBAC18 /* DefaultNodeConnector.swift */ = {isa = PBXFileReference; fileEncoding = 4; lastKnownFileType = sourcecode.swift; path = DefaultNodeConnector.swift; sourceTree = "<group>"; };
		BD5E78C7205022E400DBAC18 /* SeaNode.swift */ = {isa = PBXFileReference; lastKnownFileType = sourcecode.swift; path = SeaNode.swift; sourceTree = "<group>"; };
		BD5E78CC205023F200DBAC18 /* SeaNodeConnector.swift */ = {isa = PBXFileReference; lastKnownFileType = sourcecode.swift; path = SeaNodeConnector.swift; sourceTree = "<group>"; };
		BD71D30320615FED0014D28A /* IceNode.swift */ = {isa = PBXFileReference; lastKnownFileType = sourcecode.swift; path = IceNode.swift; sourceTree = "<group>"; };
		BD71D308206160D80014D28A /* IceNodeConnector.swift */ = {isa = PBXFileReference; lastKnownFileType = sourcecode.swift; path = IceNodeConnector.swift; sourceTree = "<group>"; };
		BD71D3122063B35D0014D28A /* ShipNode.swift */ = {isa = PBXFileReference; lastKnownFileType = sourcecode.swift; path = ShipNode.swift; sourceTree = "<group>"; };
		BD71D3172063B5970014D28A /* OutboundNodeConnector.swift */ = {isa = PBXFileReference; lastKnownFileType = sourcecode.swift; path = OutboundNodeConnector.swift; sourceTree = "<group>"; };
		BDAC86D1203F05BD006D39DA /* HighlightedCellShader.fsh */ = {isa = PBXFileReference; fileEncoding = 4; lastKnownFileType = sourcecode.glsl; path = HighlightedCellShader.fsh; sourceTree = "<group>"; };
		BDAC86D5203F0818006D39DA /* ShaderManager.swift */ = {isa = PBXFileReference; lastKnownFileType = sourcecode.swift; path = ShaderManager.swift; sourceTree = "<group>"; };
		BDBE516120C1902800324194 /* CrocodileNode.swift */ = {isa = PBXFileReference; lastKnownFileType = sourcecode.swift; path = CrocodileNode.swift; sourceTree = "<group>"; };
		BDBE516620C1A1F800324194 /* CrocodileNodeConnector.swift */ = {isa = PBXFileReference; lastKnownFileType = sourcecode.swift; path = CrocodileNodeConnector.swift; sourceTree = "<group>"; };
		FB079931204690B200F75B82 /* ActionType.swift */ = {isa = PBXFileReference; lastKnownFileType = sourcecode.swift; path = ActionType.swift; sourceTree = "<group>"; };
		FB0799522046A16C00F75B82 /* UnitTests.xctest */ = {isa = PBXFileReference; explicitFileType = wrapper.cfbundle; includeInIndex = 0; path = UnitTests.xctest; sourceTree = BUILT_PRODUCTS_DIR; };
		FB0799562046A16C00F75B82 /* Info.plist */ = {isa = PBXFileReference; lastKnownFileType = text.plist.xml; path = Info.plist; sourceTree = "<group>"; };
		FB07995C2046A17D00F75B82 /* AssetsTest.swift */ = {isa = PBXFileReference; lastKnownFileType = sourcecode.swift; path = AssetsTest.swift; sourceTree = "<group>"; };
		FB20C937203F1E08008491E6 /* FieldNodeDescribing.swift */ = {isa = PBXFileReference; lastKnownFileType = sourcecode.swift; path = FieldNodeDescribing.swift; sourceTree = "<group>"; };
		FB20C93B203F1ED8008491E6 /* EmptyNode.swift */ = {isa = PBXFileReference; lastKnownFileType = sourcecode.swift; path = EmptyNode.swift; sourceTree = "<group>"; };
		FB20C940203F28AB008491E6 /* Move.swift */ = {isa = PBXFileReference; lastKnownFileType = sourcecode.swift; path = Move.swift; sourceTree = "<group>"; };
		FB20C945203F2A16008491E6 /* Rotation.swift */ = {isa = PBXFileReference; lastKnownFileType = sourcecode.swift; path = Rotation.swift; sourceTree = "<group>"; };
		FB20C94D203F2E20008491E6 /* Level+StandartConfiguration.swift */ = {isa = PBXFileReference; lastKnownFileType = sourcecode.swift; path = "Level+StandartConfiguration.swift"; sourceTree = "<group>"; };
		FB53EEF520C5A27C00C2F95A /* GoldNode.swift */ = {isa = PBXFileReference; fileEncoding = 4; lastKnownFileType = sourcecode.swift; path = GoldNode.swift; sourceTree = "<group>"; };
		FB77E68F201615CC00B9A75B /* CellEntity.swift */ = {isa = PBXFileReference; lastKnownFileType = sourcecode.swift; path = CellEntity.swift; sourceTree = "<group>"; };
		FB77E6932016162F00B9A75B /* SpriteComponent.swift */ = {isa = PBXFileReference; lastKnownFileType = sourcecode.swift; path = SpriteComponent.swift; sourceTree = "<group>"; };
		FB77E6972016172400B9A75B /* Level.swift */ = {isa = PBXFileReference; lastKnownFileType = sourcecode.swift; path = Level.swift; sourceTree = "<group>"; };
		FB77E69C20161D8500B9A75B /* Game.swift */ = {isa = PBXFileReference; lastKnownFileType = sourcecode.swift; path = Game.swift; sourceTree = "<group>"; };
		FB8A339F20D2B5160048FF4E /* GoldSpriteNode.swift */ = {isa = PBXFileReference; lastKnownFileType = sourcecode.swift; path = GoldSpriteNode.swift; sourceTree = "<group>"; };
		FB9C53D82046D83600CE366D /* HorseNode.swift */ = {isa = PBXFileReference; lastKnownFileType = sourcecode.swift; name = HorseNode.swift; path = "Jackal Shared/Playing Field/Shared/FieldNodes/HorseNode.swift"; sourceTree = SOURCE_ROOT; };
		FBC433F9200739AC00134AB7 /* GameScene.sks */ = {isa = PBXFileReference; lastKnownFileType = file.sks; path = GameScene.sks; sourceTree = "<group>"; };
		FBC433FA200739AC00134AB7 /* GameScene.swift */ = {isa = PBXFileReference; lastKnownFileType = sourcecode.swift; path = GameScene.swift; sourceTree = "<group>"; };
		FBC433FB200739AC00134AB7 /* Assets.xcassets */ = {isa = PBXFileReference; lastKnownFileType = folder.assetcatalog; path = Assets.xcassets; sourceTree = "<group>"; };
		FBC43400200739AC00134AB7 /* Jackal.app */ = {isa = PBXFileReference; explicitFileType = wrapper.application; includeInIndex = 0; path = Jackal.app; sourceTree = BUILT_PRODUCTS_DIR; };
		FBC43403200739AC00134AB7 /* AppDelegate.swift */ = {isa = PBXFileReference; lastKnownFileType = sourcecode.swift; path = AppDelegate.swift; sourceTree = "<group>"; };
		FBC43405200739AC00134AB7 /* GameViewController.swift */ = {isa = PBXFileReference; lastKnownFileType = sourcecode.swift; path = GameViewController.swift; sourceTree = "<group>"; };
		FBC43408200739AC00134AB7 /* Base */ = {isa = PBXFileReference; lastKnownFileType = file.storyboard; name = Base; path = Base.lproj/Main.storyboard; sourceTree = "<group>"; };
		FBC4340B200739AC00134AB7 /* Base */ = {isa = PBXFileReference; lastKnownFileType = file.storyboard; name = Base; path = Base.lproj/LaunchScreen.storyboard; sourceTree = "<group>"; };
		FBC4340D200739AC00134AB7 /* Info.plist */ = {isa = PBXFileReference; lastKnownFileType = text.plist.xml; path = Info.plist; sourceTree = "<group>"; };
		FBC43416200739AC00134AB7 /* Base */ = {isa = PBXFileReference; lastKnownFileType = file.storyboard; name = Base; path = Base.lproj/Interface.storyboard; sourceTree = "<group>"; };
		FBC43418200739AC00134AB7 /* Info.plist */ = {isa = PBXFileReference; lastKnownFileType = text.plist.xml; path = Info.plist; sourceTree = "<group>"; };
		FBC43422200739AC00134AB7 /* InterfaceController.swift */ = {isa = PBXFileReference; lastKnownFileType = sourcecode.swift; path = InterfaceController.swift; sourceTree = "<group>"; };
		FBC43424200739AC00134AB7 /* ExtensionDelegate.swift */ = {isa = PBXFileReference; lastKnownFileType = sourcecode.swift; path = ExtensionDelegate.swift; sourceTree = "<group>"; };
		FBC43426200739AC00134AB7 /* Info.plist */ = {isa = PBXFileReference; lastKnownFileType = text.plist.xml; path = Info.plist; sourceTree = "<group>"; };
		FBC4342B200739AC00134AB7 /* Jackal.app */ = {isa = PBXFileReference; explicitFileType = wrapper.application; includeInIndex = 0; path = Jackal.app; sourceTree = BUILT_PRODUCTS_DIR; };
		FBC4342D200739AC00134AB7 /* AppDelegate.swift */ = {isa = PBXFileReference; lastKnownFileType = sourcecode.swift; path = AppDelegate.swift; sourceTree = "<group>"; };
		FBC4342F200739AC00134AB7 /* GameViewController.swift */ = {isa = PBXFileReference; lastKnownFileType = sourcecode.swift; path = GameViewController.swift; sourceTree = "<group>"; };
		FBC43432200739AC00134AB7 /* Base */ = {isa = PBXFileReference; lastKnownFileType = file.storyboard; name = Base; path = Base.lproj/Main.storyboard; sourceTree = "<group>"; };
		FBC43434200739AC00134AB7 /* Info.plist */ = {isa = PBXFileReference; lastKnownFileType = text.plist.xml; path = Info.plist; sourceTree = "<group>"; };
		FBC43439200739AC00134AB7 /* Jackal.app */ = {isa = PBXFileReference; explicitFileType = wrapper.application; includeInIndex = 0; path = Jackal.app; sourceTree = BUILT_PRODUCTS_DIR; };
		FBC4343B200739AC00134AB7 /* AppDelegate.swift */ = {isa = PBXFileReference; lastKnownFileType = sourcecode.swift; path = AppDelegate.swift; sourceTree = "<group>"; };
		FBC4343D200739AC00134AB7 /* GameViewController.swift */ = {isa = PBXFileReference; lastKnownFileType = sourcecode.swift; path = GameViewController.swift; sourceTree = "<group>"; };
		FBC43440200739AC00134AB7 /* Base */ = {isa = PBXFileReference; lastKnownFileType = file.storyboard; name = Base; path = Base.lproj/Main.storyboard; sourceTree = "<group>"; };
		FBC43442200739AC00134AB7 /* Info.plist */ = {isa = PBXFileReference; lastKnownFileType = text.plist.xml; path = Info.plist; sourceTree = "<group>"; };
/* End PBXFileReference section */

/* Begin PBXFrameworksBuildPhase section */
		FB07994F2046A16C00F75B82 /* Frameworks */ = {
			isa = PBXFrameworksBuildPhase;
			buildActionMask = 2147483647;
			files = (
			);
			runOnlyForDeploymentPostprocessing = 0;
		};
		FBC433FD200739AC00134AB7 /* Frameworks */ = {
			isa = PBXFrameworksBuildPhase;
			buildActionMask = 2147483647;
			files = (
			);
			runOnlyForDeploymentPostprocessing = 0;
		};
		FBC43428200739AC00134AB7 /* Frameworks */ = {
			isa = PBXFrameworksBuildPhase;
			buildActionMask = 2147483647;
			files = (
			);
			runOnlyForDeploymentPostprocessing = 0;
		};
		FBC43436200739AC00134AB7 /* Frameworks */ = {
			isa = PBXFrameworksBuildPhase;
			buildActionMask = 2147483647;
			files = (
			);
			runOnlyForDeploymentPostprocessing = 0;
		};
/* End PBXFrameworksBuildPhase section */

/* Begin PBXGroup section */
		5758C0312044748F00F552AA /* Extensions */ = {
			isa = PBXGroup;
			children = (
				5758C032204474C200F552AA /* Int2+Initialization.swift */,
				8820C2D82060C6C000F13014 /* GKEntityExtensions.swift */,
			);
			path = Extensions;
			sourceTree = "<group>";
		};
		88D28181203ABCD10046E67E /* GameStates */ = {
			isa = PBXGroup;
			children = (
				88D28182203ABCE40046E67E /* GameState.swift */,
				88D28186203ABD330046E67E /* TurnState.swift */,
				88D2818A203ABD770046E67E /* StartTurnState.swift */,
				88D2818E203ABD980046E67E /* PirateSelectedState.swift */,
				8820C2D4205FF8CC00F13014 /* FieldSelectedState.swift */,
				8820C2DC2060D9F000F13014 /* EndTurnState.swift */,
			);
			path = GameStates;
			sourceTree = "<group>";
		};
		88FC961A201F511900A979B9 /* BoardGraph */ = {
			isa = PBXGroup;
			children = (
				88FC961B201F512B00A979B9 /* BoardGraph.swift */,
				88FC961F201F558B00A979B9 /* BoardGraphNode.swift */,
			);
			path = BoardGraph;
			sourceTree = "<group>";
		};
		BD5E78A82047F71700DBAC18 /* GraphConnectors */ = {
			isa = PBXGroup;
			children = (
				BD5E78BD2047FBA800DBAC18 /* DefaultNodeConnector.swift */,
				BDBE516620C1A1F800324194 /* CrocodileNodeConnector.swift */,
				BD71D308206160D80014D28A /* IceNodeConnector.swift */,
				BD5E78AE2047F74700DBAC18 /* NodeConnectorDescribing.swift */,
				BD71D3172063B5970014D28A /* OutboundNodeConnector.swift */,
				BD5E78CC205023F200DBAC18 /* SeaNodeConnector.swift */,
				BD5E78B82047F85A00DBAC18 /* TurntableNodeConnector.swift */,
			);
			path = GraphConnectors;
			sourceTree = "<group>";
		};
		BDAC86D0203F05BD006D39DA /* Shaders */ = {
			isa = PBXGroup;
			children = (
				BDAC86D1203F05BD006D39DA /* HighlightedCellShader.fsh */,
			);
			path = Shaders;
			sourceTree = "<group>";
		};
		FB0799532046A16C00F75B82 /* UnitTests */ = {
			isa = PBXGroup;
			children = (
				FB0799562046A16C00F75B82 /* Info.plist */,
				FB07995C2046A17D00F75B82 /* AssetsTest.swift */,
			);
			path = UnitTests;
			sourceTree = "<group>";
		};
		FB20C936203F1DDE008491E6 /* FieldNodes */ = {
			isa = PBXGroup;
			children = (
				FB53EEF520C5A27C00C2F95A /* GoldNode.swift */,
				570AA19520447DCF00B4EB0B /* ArrowNode.swift */,
				BDBE516120C1902800324194 /* CrocodileNode.swift */,
				FB20C93B203F1ED8008491E6 /* EmptyNode.swift */,
				FB20C937203F1E08008491E6 /* FieldNodeDescribing.swift */,
				FB9C53D82046D83600CE366D /* HorseNode.swift */,
				BD71D30320615FED0014D28A /* IceNode.swift */,
				BD29C6F22059AAA2002A13DC /* OutboundNode.swift */,
				BD71D3122063B35D0014D28A /* ShipNode.swift */,
				BD5E78C7205022E400DBAC18 /* SeaNode.swift */,
				577C1ED1204876630024DB31 /* SuitNode.swift */,
				BD5E78942046DA1C00DBAC18 /* TurntableNode.swift */,
			);
			path = FieldNodes;
			sourceTree = "<group>";
		};
		FB20C944203F2A03008491E6 /* Basic Types */ = {
			isa = PBXGroup;
			children = (
				FB20C940203F28AB008491E6 /* Move.swift */,
				5758C0362044762A00F552AA /* MoveType.swift */,
				FB20C945203F2A16008491E6 /* Rotation.swift */,
				FB079931204690B200F75B82 /* ActionType.swift */,
				BD5E78992046EC2200DBAC18 /* Position.swift */,
			);
			path = "Basic Types";
			sourceTree = "<group>";
		};
		FB77E69B20161D7100B9A75B /* Shared */ = {
			isa = PBXGroup;
			children = (
				5758C0312044748F00F552AA /* Extensions */,
				FB20C944203F2A03008491E6 /* Basic Types */,
				FB20C936203F1DDE008491E6 /* FieldNodes */,
				88D28181203ABCD10046E67E /* GameStates */,
				88FC961A201F511900A979B9 /* BoardGraph */,
				BD5E78A82047F71700DBAC18 /* GraphConnectors */,
				88FC9616201F501900A979B9 /* BoardPosition.swift */,
				FB77E69C20161D8500B9A75B /* Game.swift */,
				BD29C6F7205AA881002A13DC /* GameBorder.swift */,
				579CF3D8201D0A7000DCC9CF /* InputHandler.swift */,
				FB77E6972016172400B9A75B /* Level.swift */,
				FB20C94D203F2E20008491E6 /* Level+StandartConfiguration.swift */,
			);
			path = Shared;
			sourceTree = "<group>";
		};
		FBC433F2200739AC00134AB7 = {
			isa = PBXGroup;
			children = (
				FBC433F7200739AC00134AB7 /* Jackal Shared */,
				FBC43402200739AC00134AB7 /* Jackal iOS */,
				FBC43414200739AC00134AB7 /* Jackal watchOS App */,
				FBC43421200739AC00134AB7 /* Jackal watchOS App Extension */,
				FBC4342C200739AC00134AB7 /* Jackal tvOS */,
				FBC4343A200739AC00134AB7 /* Jackal macOS */,
				FB0799532046A16C00F75B82 /* UnitTests */,
				FBC43401200739AC00134AB7 /* Products */,
			);
			sourceTree = "<group>";
		};
		FBC433F7200739AC00134AB7 /* Jackal Shared */ = {
			isa = PBXGroup;
			children = (
				FBC4346520073FC200134AB7 /* Playing Field */,
				FBC433FB200739AC00134AB7 /* Assets.xcassets */,
			);
			path = "Jackal Shared";
			sourceTree = "<group>";
		};
		FBC43401200739AC00134AB7 /* Products */ = {
			isa = PBXGroup;
			children = (
				FBC43400200739AC00134AB7 /* Jackal.app */,
				FBC4342B200739AC00134AB7 /* Jackal.app */,
				FBC43439200739AC00134AB7 /* Jackal.app */,
				FB0799522046A16C00F75B82 /* UnitTests.xctest */,
			);
			name = Products;
			sourceTree = "<group>";
		};
		FBC43402200739AC00134AB7 /* Jackal iOS */ = {
			isa = PBXGroup;
			children = (
				FBC43403200739AC00134AB7 /* AppDelegate.swift */,
				FBC43405200739AC00134AB7 /* GameViewController.swift */,
				FBC43407200739AC00134AB7 /* Main.storyboard */,
				FBC4340A200739AC00134AB7 /* LaunchScreen.storyboard */,
				FBC4340D200739AC00134AB7 /* Info.plist */,
			);
			path = "Jackal iOS";
			sourceTree = "<group>";
		};
		FBC43414200739AC00134AB7 /* Jackal watchOS App */ = {
			isa = PBXGroup;
			children = (
				FBC43415200739AC00134AB7 /* Interface.storyboard */,
				FBC43418200739AC00134AB7 /* Info.plist */,
			);
			path = "Jackal watchOS App";
			sourceTree = "<group>";
		};
		FBC43421200739AC00134AB7 /* Jackal watchOS App Extension */ = {
			isa = PBXGroup;
			children = (
				FBC43422200739AC00134AB7 /* InterfaceController.swift */,
				FBC43424200739AC00134AB7 /* ExtensionDelegate.swift */,
				FBC43426200739AC00134AB7 /* Info.plist */,
			);
			path = "Jackal watchOS App Extension";
			sourceTree = "<group>";
		};
		FBC4342C200739AC00134AB7 /* Jackal tvOS */ = {
			isa = PBXGroup;
			children = (
				FBC4342D200739AC00134AB7 /* AppDelegate.swift */,
				FBC4342F200739AC00134AB7 /* GameViewController.swift */,
				FBC43431200739AC00134AB7 /* Main.storyboard */,
				FBC43434200739AC00134AB7 /* Info.plist */,
			);
			path = "Jackal tvOS";
			sourceTree = "<group>";
		};
		FBC4343A200739AC00134AB7 /* Jackal macOS */ = {
			isa = PBXGroup;
			children = (
				FBC4343B200739AC00134AB7 /* AppDelegate.swift */,
				FBC4343D200739AC00134AB7 /* GameViewController.swift */,
				FBC4343F200739AC00134AB7 /* Main.storyboard */,
				FBC43442200739AC00134AB7 /* Info.plist */,
			);
			path = "Jackal macOS";
			sourceTree = "<group>";
		};
		FBC4346520073FC200134AB7 /* Playing Field */ = {
			isa = PBXGroup;
			children = (
				FB77E69B20161D7100B9A75B /* Shared */,
				FBC4346720073FDE00134AB7 /* Entity-Component */,
				FBC4346620073FD200134AB7 /* SpriteKit */,
			);
			path = "Playing Field";
			sourceTree = "<group>";
		};
		FBC4346620073FD200134AB7 /* SpriteKit */ = {
			isa = PBXGroup;
			children = (
				BDAC86D0203F05BD006D39DA /* Shaders */,
				FBC433F9200739AC00134AB7 /* GameScene.sks */,
				FBC433FA200739AC00134AB7 /* GameScene.swift */,
				579CF3D4201D038A00DCC9CF /* SpriteKit+Inputs.swift */,
				88746FEA201E43D10011D07A /* PirateNode.swift */,
				FB8A339F20D2B5160048FF4E /* GoldSpriteNode.swift */,
				88D281752038BE6B0046E67E /* CellNode.swift */,
				BDAC86D5203F0818006D39DA /* ShaderManager.swift */,
			);
			path = SpriteKit;
			sourceTree = "<group>";
		};
		FBC4346720073FDE00134AB7 /* Entity-Component */ = {
			isa = PBXGroup;
			children = (
				FBC4346920073FFD00134AB7 /* Components */,
				FBC4346820073FF600134AB7 /* Entities */,
			);
			path = "Entity-Component";
			sourceTree = "<group>";
		};
		FBC4346820073FF600134AB7 /* Entities */ = {
			isa = PBXGroup;
			children = (
				FB77E68F201615CC00B9A75B /* CellEntity.swift */,
				88746FEE201E45560011D07A /* PirateEntity.swift */,
			);
			path = Entities;
			sourceTree = "<group>";
		};
		FBC4346920073FFD00134AB7 /* Components */ = {
			isa = PBXGroup;
			children = (
				FB77E6932016162F00B9A75B /* SpriteComponent.swift */,
				88FC9612201F4FE900A979B9 /* BoardPositionComponent.swift */,
				88FC9623201F690700A979B9 /* InputHandlingComponent.swift */,
				88D2817D203ABA8E0046E67E /* SelectionComponent.swift */,
				577C1ED520487E810024DB31 /* FlipComponent.swift */,
			);
			path = Components;
			sourceTree = "<group>";
		};
/* End PBXGroup section */

/* Begin PBXNativeTarget section */
		FB0799512046A16C00F75B82 /* UnitTests */ = {
			isa = PBXNativeTarget;
			buildConfigurationList = FB07995B2046A16C00F75B82 /* Build configuration list for PBXNativeTarget "UnitTests" */;
			buildPhases = (
				FB07994E2046A16C00F75B82 /* Sources */,
				FB07994F2046A16C00F75B82 /* Frameworks */,
				FB0799502046A16C00F75B82 /* Resources */,
			);
			buildRules = (
			);
			dependencies = (
				FB0799582046A16C00F75B82 /* PBXTargetDependency */,
			);
			name = UnitTests;
			productName = UnitTests;
			productReference = FB0799522046A16C00F75B82 /* UnitTests.xctest */;
			productType = "com.apple.product-type.bundle.unit-test";
		};
		FBC433FF200739AC00134AB7 /* Jackal iOS */ = {
			isa = PBXNativeTarget;
			buildConfigurationList = FBC4345C200739AC00134AB7 /* Build configuration list for PBXNativeTarget "Jackal iOS" */;
			buildPhases = (
				FBC433FC200739AC00134AB7 /* Sources */,
				FBC433FD200739AC00134AB7 /* Frameworks */,
				FBC433FE200739AC00134AB7 /* Resources */,
				FBC4345B200739AC00134AB7 /* Embed Watch Content */,
			);
			buildRules = (
			);
			dependencies = (
			);
			name = "Jackal iOS";
			productName = "Jackal iOS";
			productReference = FBC43400200739AC00134AB7 /* Jackal.app */;
			productType = "com.apple.product-type.application";
		};
		FBC4342A200739AC00134AB7 /* Jackal tvOS */ = {
			isa = PBXNativeTarget;
			buildConfigurationList = FBC4345F200739AC00134AB7 /* Build configuration list for PBXNativeTarget "Jackal tvOS" */;
			buildPhases = (
				FBC43427200739AC00134AB7 /* Sources */,
				FBC43428200739AC00134AB7 /* Frameworks */,
				FBC43429200739AC00134AB7 /* Resources */,
			);
			buildRules = (
			);
			dependencies = (
			);
			name = "Jackal tvOS";
			productName = "Jackal tvOS";
			productReference = FBC4342B200739AC00134AB7 /* Jackal.app */;
			productType = "com.apple.product-type.application";
		};
		FBC43438200739AC00134AB7 /* Jackal macOS */ = {
			isa = PBXNativeTarget;
			buildConfigurationList = FBC43462200739AC00134AB7 /* Build configuration list for PBXNativeTarget "Jackal macOS" */;
			buildPhases = (
				FBC43435200739AC00134AB7 /* Sources */,
				FBC43436200739AC00134AB7 /* Frameworks */,
				FBC43437200739AC00134AB7 /* Resources */,
			);
			buildRules = (
			);
			dependencies = (
			);
			name = "Jackal macOS";
			productName = "Jackal macOS";
			productReference = FBC43439200739AC00134AB7 /* Jackal.app */;
			productType = "com.apple.product-type.application";
		};
/* End PBXNativeTarget section */

/* Begin PBXProject section */
		FBC433F3200739AC00134AB7 /* Project object */ = {
			isa = PBXProject;
			attributes = {
				LastSwiftUpdateCheck = 0920;
				LastUpgradeCheck = 0940;
				ORGANIZATIONNAME = "Boring Company";
				TargetAttributes = {
					FB0799512046A16C00F75B82 = {
						CreatedOnToolsVersion = 9.2;
						ProvisioningStyle = Automatic;
						TestTargetID = FBC433FF200739AC00134AB7;
					};
					FBC433FF200739AC00134AB7 = {
						CreatedOnToolsVersion = 9.2;
						ProvisioningStyle = Manual;
					};
					FBC4342A200739AC00134AB7 = {
						CreatedOnToolsVersion = 9.2;
						ProvisioningStyle = Automatic;
					};
					FBC43438200739AC00134AB7 = {
						CreatedOnToolsVersion = 9.2;
						ProvisioningStyle = Automatic;
					};
				};
			};
			buildConfigurationList = FBC433F6200739AC00134AB7 /* Build configuration list for PBXProject "Jackal" */;
			compatibilityVersion = "Xcode 8.0";
			developmentRegion = en;
			hasScannedForEncodings = 0;
			knownRegions = (
				en,
				Base,
			);
			mainGroup = FBC433F2200739AC00134AB7;
			productRefGroup = FBC43401200739AC00134AB7 /* Products */;
			projectDirPath = "";
			projectRoot = "";
			targets = (
				FBC433FF200739AC00134AB7 /* Jackal iOS */,
				FBC4342A200739AC00134AB7 /* Jackal tvOS */,
				FBC43438200739AC00134AB7 /* Jackal macOS */,
				FB0799512046A16C00F75B82 /* UnitTests */,
			);
		};
/* End PBXProject section */

/* Begin PBXResourcesBuildPhase section */
		FB0799502046A16C00F75B82 /* Resources */ = {
			isa = PBXResourcesBuildPhase;
			buildActionMask = 2147483647;
			files = (
			);
			runOnlyForDeploymentPostprocessing = 0;
		};
		FBC433FE200739AC00134AB7 /* Resources */ = {
			isa = PBXResourcesBuildPhase;
			buildActionMask = 2147483647;
			files = (
				FBC43446200739AC00134AB7 /* GameScene.sks in Resources */,
				FBC43409200739AC00134AB7 /* Main.storyboard in Resources */,
				FBC4340C200739AC00134AB7 /* LaunchScreen.storyboard in Resources */,
				FBC4344E200739AC00134AB7 /* Assets.xcassets in Resources */,
				BDAC86D2203F05BD006D39DA /* HighlightedCellShader.fsh in Resources */,
			);
			runOnlyForDeploymentPostprocessing = 0;
		};
		FBC43429200739AC00134AB7 /* Resources */ = {
			isa = PBXResourcesBuildPhase;
			buildActionMask = 2147483647;
			files = (
				BDAC86D3203F05BD006D39DA /* HighlightedCellShader.fsh in Resources */,
				FBC43433200739AC00134AB7 /* Main.storyboard in Resources */,
				FBC43448200739AC00134AB7 /* GameScene.sks in Resources */,
				FBC43450200739AC00134AB7 /* Assets.xcassets in Resources */,
			);
			runOnlyForDeploymentPostprocessing = 0;
		};
		FBC43437200739AC00134AB7 /* Resources */ = {
			isa = PBXResourcesBuildPhase;
			buildActionMask = 2147483647;
			files = (
				BDAC86D4203F05BD006D39DA /* HighlightedCellShader.fsh in Resources */,
				FBC43441200739AC00134AB7 /* Main.storyboard in Resources */,
				FBC43449200739AC00134AB7 /* GameScene.sks in Resources */,
				FBC43451200739AC00134AB7 /* Assets.xcassets in Resources */,
			);
			runOnlyForDeploymentPostprocessing = 0;
		};
/* End PBXResourcesBuildPhase section */

/* Begin PBXSourcesBuildPhase section */
		FB07994E2046A16C00F75B82 /* Sources */ = {
			isa = PBXSourcesBuildPhase;
			buildActionMask = 2147483647;
			files = (
				BD29C6FA205AB0DD002A13DC /* GameBorder.swift in Sources */,
				BD5E789D2046EC2200DBAC18 /* Position.swift in Sources */,
				BD5E78C12047FBA800DBAC18 /* DefaultNodeConnector.swift in Sources */,
				BD5E78982046DA1C00DBAC18 /* TurntableNode.swift in Sources */,
				BDBE516A20C1A24600324194 /* CrocodileNodeConnector.swift in Sources */,
				FB07995F2046A1C000F75B82 /* EmptyNode.swift in Sources */,
				BDBE516320C1902D00324194 /* CrocodileNode.swift in Sources */,
				FB0799632046A1C500F75B82 /* Rotation.swift in Sources */,
				FB07995E2046A1C000F75B82 /* FieldNodeDescribing.swift in Sources */,
				BD71D3062061609E0014D28A /* IceNode.swift in Sources */,
				FB07995D2046A17D00F75B82 /* AssetsTest.swift in Sources */,
				BD5E78BC2047F85A00DBAC18 /* TurntableNodeConnector.swift in Sources */,
				BD5E78CB205023E000DBAC18 /* SeaNode.swift in Sources */,
				FB0799602046A1C000F75B82 /* ArrowNode.swift in Sources */,
				BD71D3162063B3600014D28A /* ShipNode.swift in Sources */,
				FB8A33A320D2B5160048FF4E /* GoldSpriteNode.swift in Sources */,
				FB53EEF920C5A27C00C2F95A /* GoldNode.swift in Sources */,
				BD29C6F62059AB18002A13DC /* OutboundNode.swift in Sources */,
				BD5E78B22047F74700DBAC18 /* NodeConnectorDescribing.swift in Sources */,
				BD71D31B2063B5970014D28A /* OutboundNodeConnector.swift in Sources */,
				BD29C6F120599957002A13DC /* SeaNodeConnector.swift in Sources */,
				BD71D30C206160FF0014D28A /* IceNodeConnector.swift in Sources */,
				FB0799612046A1C500F75B82 /* Move.swift in Sources */,
				FB0799642046A1C500F75B82 /* ActionType.swift in Sources */,
				FB0799622046A1C500F75B82 /* MoveType.swift in Sources */,
				FB9C53DC2046D83A00CE366D /* HorseNode.swift in Sources */,
			);
			runOnlyForDeploymentPostprocessing = 0;
		};
		FBC433FC200739AC00134AB7 /* Sources */ = {
			isa = PBXSourcesBuildPhase;
			buildActionMask = 2147483647;
			files = (
				BD5E78952046DA1C00DBAC18 /* TurntableNode.swift in Sources */,
				FB20C94E203F2E20008491E6 /* Level+StandartConfiguration.swift in Sources */,
				88746FEB201E43D10011D07A /* PirateNode.swift in Sources */,
				FB77E6982016172400B9A75B /* Level.swift in Sources */,
				FB079932204690B200F75B82 /* ActionType.swift in Sources */,
				BD5E78BE2047FBA800DBAC18 /* DefaultNodeConnector.swift in Sources */,
				88D2817E203ABA8E0046E67E /* SelectionComponent.swift in Sources */,
				579CF3D9201D0A7000DCC9CF /* InputHandler.swift in Sources */,
				FBC4344A200739AC00134AB7 /* GameScene.swift in Sources */,
				FB53EEF620C5A27C00C2F95A /* GoldNode.swift in Sources */,
				FB20C946203F2A16008491E6 /* Rotation.swift in Sources */,
				FB77E69D20161D8500B9A75B /* Game.swift in Sources */,
				BD71D3132063B35D0014D28A /* ShipNode.swift in Sources */,
				BDBE516220C1902900324194 /* CrocodileNode.swift in Sources */,
				8820C2DD2060D9F000F13014 /* EndTurnState.swift in Sources */,
				88FC9620201F558B00A979B9 /* BoardGraphNode.swift in Sources */,
				FB20C938203F1E08008491E6 /* FieldNodeDescribing.swift in Sources */,
				BDAC86D6203F0818006D39DA /* ShaderManager.swift in Sources */,
				BD29C6F8205AA881002A13DC /* GameBorder.swift in Sources */,
				BD29C6F32059AAA2002A13DC /* OutboundNode.swift in Sources */,
				88D28183203ABCE40046E67E /* GameState.swift in Sources */,
				BD71D309206160D80014D28A /* IceNodeConnector.swift in Sources */,
				FB8A33A020D2B5160048FF4E /* GoldSpriteNode.swift in Sources */,
				88D28187203ABD330046E67E /* TurnState.swift in Sources */,
				FB20C93C203F1ED8008491E6 /* EmptyNode.swift in Sources */,
				BD71D3182063B5970014D28A /* OutboundNodeConnector.swift in Sources */,
				5758C033204474C200F552AA /* Int2+Initialization.swift in Sources */,
				88746FEF201E45560011D07A /* PirateEntity.swift in Sources */,
				FB77E6942016162F00B9A75B /* SpriteComponent.swift in Sources */,
				BD5E78C8205022E400DBAC18 /* SeaNode.swift in Sources */,
				577C1ED620487E810024DB31 /* FlipComponent.swift in Sources */,
				88D2818F203ABD980046E67E /* PirateSelectedState.swift in Sources */,
				BDBE516720C1A1F800324194 /* CrocodileNodeConnector.swift in Sources */,
				88FC9613201F4FE900A979B9 /* BoardPositionComponent.swift in Sources */,
				FB20C941203F28AB008491E6 /* Move.swift in Sources */,
				8820C2D5205FF8CC00F13014 /* FieldSelectedState.swift in Sources */,
				FBC43406200739AC00134AB7 /* GameViewController.swift in Sources */,
				88FC961C201F512B00A979B9 /* BoardGraph.swift in Sources */,
				BD71D30420615FED0014D28A /* IceNode.swift in Sources */,
				5758C0372044762A00F552AA /* MoveType.swift in Sources */,
				FBC43404200739AC00134AB7 /* AppDelegate.swift in Sources */,
				8820C2D92060C6C000F13014 /* GKEntityExtensions.swift in Sources */,
				88D281762038BE6B0046E67E /* CellNode.swift in Sources */,
				FB9C53D92046D83600CE366D /* HorseNode.swift in Sources */,
				BD5E789A2046EC2200DBAC18 /* Position.swift in Sources */,
				570AA19620447DCF00B4EB0B /* ArrowNode.swift in Sources */,
				577C1ED2204876630024DB31 /* SuitNode.swift in Sources */,
				88FC9617201F501900A979B9 /* BoardPosition.swift in Sources */,
				BD5E78AF2047F74700DBAC18 /* NodeConnectorDescribing.swift in Sources */,
				BD5E78B92047F85A00DBAC18 /* TurntableNodeConnector.swift in Sources */,
				579CF3D5201D038A00DCC9CF /* SpriteKit+Inputs.swift in Sources */,
				FB77E690201615CC00B9A75B /* CellEntity.swift in Sources */,
				88D2818B203ABD770046E67E /* StartTurnState.swift in Sources */,
				88FC9624201F690700A979B9 /* InputHandlingComponent.swift in Sources */,
				BD5E78CD205023F200DBAC18 /* SeaNodeConnector.swift in Sources */,
			);
			runOnlyForDeploymentPostprocessing = 0;
		};
		FBC43427200739AC00134AB7 /* Sources */ = {
			isa = PBXSourcesBuildPhase;
			buildActionMask = 2147483647;
			files = (
				BD5E78962046DA1C00DBAC18 /* TurntableNode.swift in Sources */,
				FB20C94F203F2E20008491E6 /* Level+StandartConfiguration.swift in Sources */,
				88746FEC201E43D10011D07A /* PirateNode.swift in Sources */,
				FB77E6992016172400B9A75B /* Level.swift in Sources */,
				FB079933204690B200F75B82 /* ActionType.swift in Sources */,
				BD5E78BF2047FBA800DBAC18 /* DefaultNodeConnector.swift in Sources */,
				88D2817F203ABA8E0046E67E /* SelectionComponent.swift in Sources */,
				579CF3DA201D0A7000DCC9CF /* InputHandler.swift in Sources */,
				FBC4344C200739AC00134AB7 /* GameScene.swift in Sources */,
				FB53EEF720C5A27C00C2F95A /* GoldNode.swift in Sources */,
				FB20C947203F2A16008491E6 /* Rotation.swift in Sources */,
				FB77E69E20161D8500B9A75B /* Game.swift in Sources */,
				BD71D3142063B3600014D28A /* ShipNode.swift in Sources */,
				BDBE516520C1902D00324194 /* CrocodileNode.swift in Sources */,
				8820C2DE2060D9F000F13014 /* EndTurnState.swift in Sources */,
				88FC9621201F558B00A979B9 /* BoardGraphNode.swift in Sources */,
				FB20C939203F1E08008491E6 /* FieldNodeDescribing.swift in Sources */,
				BDAC86D7203F0818006D39DA /* ShaderManager.swift in Sources */,
				BD29C6F9205AB0DC002A13DC /* GameBorder.swift in Sources */,
				BD29C6F42059AB16002A13DC /* OutboundNode.swift in Sources */,
				88D28184203ABCE40046E67E /* GameState.swift in Sources */,
				BD71D30A206160FE0014D28A /* IceNodeConnector.swift in Sources */,
				FB8A33A120D2B5160048FF4E /* GoldSpriteNode.swift in Sources */,
				88D28188203ABD330046E67E /* TurnState.swift in Sources */,
				FB20C93D203F1ED8008491E6 /* EmptyNode.swift in Sources */,
				BD71D3192063B5970014D28A /* OutboundNodeConnector.swift in Sources */,
				5758C034204474C200F552AA /* Int2+Initialization.swift in Sources */,
				88746FF0201E45560011D07A /* PirateEntity.swift in Sources */,
				FB77E6952016162F00B9A75B /* SpriteComponent.swift in Sources */,
				BD5E78C9205023E000DBAC18 /* SeaNode.swift in Sources */,
				577C1ED720487E810024DB31 /* FlipComponent.swift in Sources */,
				88D28190203ABD980046E67E /* PirateSelectedState.swift in Sources */,
				BDBE516820C1A24400324194 /* CrocodileNodeConnector.swift in Sources */,
				88FC9614201F4FE900A979B9 /* BoardPositionComponent.swift in Sources */,
				FB20C942203F28AB008491E6 /* Move.swift in Sources */,
				8820C2D6205FF8CC00F13014 /* FieldSelectedState.swift in Sources */,
				FBC43430200739AC00134AB7 /* GameViewController.swift in Sources */,
				88FC961D201F512B00A979B9 /* BoardGraph.swift in Sources */,
				BD71D3052061609D0014D28A /* IceNode.swift in Sources */,
				5758C0382044762A00F552AA /* MoveType.swift in Sources */,
				FBC4342E200739AC00134AB7 /* AppDelegate.swift in Sources */,
				8820C2DA2060C6C000F13014 /* GKEntityExtensions.swift in Sources */,
				88D281772038BE6B0046E67E /* CellNode.swift in Sources */,
				FB9C53DA2046D83600CE366D /* HorseNode.swift in Sources */,
				BD5E789B2046EC2200DBAC18 /* Position.swift in Sources */,
				570AA19720447DCF00B4EB0B /* ArrowNode.swift in Sources */,
				577C1ED3204876630024DB31 /* SuitNode.swift in Sources */,
				88FC9618201F501900A979B9 /* BoardPosition.swift in Sources */,
				BD5E78B02047F74700DBAC18 /* NodeConnectorDescribing.swift in Sources */,
				BD5E78BA2047F85A00DBAC18 /* TurntableNodeConnector.swift in Sources */,
				579CF3D6201D038A00DCC9CF /* SpriteKit+Inputs.swift in Sources */,
				FB77E691201615CC00B9A75B /* CellEntity.swift in Sources */,
				88D2818C203ABD770046E67E /* StartTurnState.swift in Sources */,
				88FC9625201F690700A979B9 /* InputHandlingComponent.swift in Sources */,
				BD29C6EF20599955002A13DC /* SeaNodeConnector.swift in Sources */,
			);
			runOnlyForDeploymentPostprocessing = 0;
		};
		FBC43435200739AC00134AB7 /* Sources */ = {
			isa = PBXSourcesBuildPhase;
			buildActionMask = 2147483647;
			files = (
				BD5E78972046DA1C00DBAC18 /* TurntableNode.swift in Sources */,
				FB20C950203F2E20008491E6 /* Level+StandartConfiguration.swift in Sources */,
				88746FED201E43D10011D07A /* PirateNode.swift in Sources */,
				FB77E69A2016172400B9A75B /* Level.swift in Sources */,
				FB079934204690B200F75B82 /* ActionType.swift in Sources */,
				BD5E78C02047FBA800DBAC18 /* DefaultNodeConnector.swift in Sources */,
				88D28180203ABA8E0046E67E /* SelectionComponent.swift in Sources */,
				579CF3DB201D0A7000DCC9CF /* InputHandler.swift in Sources */,
				FBC4344D200739AC00134AB7 /* GameScene.swift in Sources */,
				FB53EEF820C5A27C00C2F95A /* GoldNode.swift in Sources */,
				FB20C948203F2A16008491E6 /* Rotation.swift in Sources */,
				FB77E69F20161D8500B9A75B /* Game.swift in Sources */,
				BD71D3152063B3600014D28A /* ShipNode.swift in Sources */,
				BDBE516420C1902D00324194 /* CrocodileNode.swift in Sources */,
				8820C2DF2060D9F000F13014 /* EndTurnState.swift in Sources */,
				88FC9622201F558B00A979B9 /* BoardGraphNode.swift in Sources */,
				FB20C93A203F1E08008491E6 /* FieldNodeDescribing.swift in Sources */,
				BDAC86D8203F0818006D39DA /* ShaderManager.swift in Sources */,
				BD29C6FB205AB0DD002A13DC /* GameBorder.swift in Sources */,
				BD29C6F52059AB17002A13DC /* OutboundNode.swift in Sources */,
				88D28185203ABCE40046E67E /* GameState.swift in Sources */,
				BD71D30B206160FE0014D28A /* IceNodeConnector.swift in Sources */,
				FB8A33A220D2B5160048FF4E /* GoldSpriteNode.swift in Sources */,
				88D28189203ABD330046E67E /* TurnState.swift in Sources */,
				FB20C93E203F1ED8008491E6 /* EmptyNode.swift in Sources */,
				BD71D31A2063B5970014D28A /* OutboundNodeConnector.swift in Sources */,
				5758C035204474C200F552AA /* Int2+Initialization.swift in Sources */,
				88746FF1201E45560011D07A /* PirateEntity.swift in Sources */,
				FB77E6962016162F00B9A75B /* SpriteComponent.swift in Sources */,
				BD5E78CA205023E000DBAC18 /* SeaNode.swift in Sources */,
				577C1ED820487E810024DB31 /* FlipComponent.swift in Sources */,
				88D28191203ABD980046E67E /* PirateSelectedState.swift in Sources */,
				BDBE516920C1A24400324194 /* CrocodileNodeConnector.swift in Sources */,
				88FC9615201F4FE900A979B9 /* BoardPositionComponent.swift in Sources */,
				FB20C943203F28AB008491E6 /* Move.swift in Sources */,
				8820C2D7205FF8CC00F13014 /* FieldSelectedState.swift in Sources */,
				FBC4343E200739AC00134AB7 /* GameViewController.swift in Sources */,
				88FC961E201F512B00A979B9 /* BoardGraph.swift in Sources */,
				BD71D3072061609E0014D28A /* IceNode.swift in Sources */,
				5758C0392044762A00F552AA /* MoveType.swift in Sources */,
				FBC4343C200739AC00134AB7 /* AppDelegate.swift in Sources */,
				8820C2DB2060C6C000F13014 /* GKEntityExtensions.swift in Sources */,
				88D281782038BE6B0046E67E /* CellNode.swift in Sources */,
				FB9C53DB2046D83600CE366D /* HorseNode.swift in Sources */,
				BD5E789C2046EC2200DBAC18 /* Position.swift in Sources */,
				570AA19820447DCF00B4EB0B /* ArrowNode.swift in Sources */,
				577C1ED4204876630024DB31 /* SuitNode.swift in Sources */,
				88FC9619201F501900A979B9 /* BoardPosition.swift in Sources */,
				BD5E78B12047F74700DBAC18 /* NodeConnectorDescribing.swift in Sources */,
				BD5E78BB2047F85A00DBAC18 /* TurntableNodeConnector.swift in Sources */,
				579CF3D7201D038A00DCC9CF /* SpriteKit+Inputs.swift in Sources */,
				FB77E692201615CC00B9A75B /* CellEntity.swift in Sources */,
				88D2818D203ABD770046E67E /* StartTurnState.swift in Sources */,
				88FC9626201F690700A979B9 /* InputHandlingComponent.swift in Sources */,
				BD29C6F020599957002A13DC /* SeaNodeConnector.swift in Sources */,
			);
			runOnlyForDeploymentPostprocessing = 0;
		};
/* End PBXSourcesBuildPhase section */

/* Begin PBXTargetDependency section */
		FB0799582046A16C00F75B82 /* PBXTargetDependency */ = {
			isa = PBXTargetDependency;
			target = FBC433FF200739AC00134AB7 /* Jackal iOS */;
			targetProxy = FB0799572046A16C00F75B82 /* PBXContainerItemProxy */;
		};
/* End PBXTargetDependency section */

/* Begin PBXVariantGroup section */
		FBC43407200739AC00134AB7 /* Main.storyboard */ = {
			isa = PBXVariantGroup;
			children = (
				FBC43408200739AC00134AB7 /* Base */,
			);
			name = Main.storyboard;
			sourceTree = "<group>";
		};
		FBC4340A200739AC00134AB7 /* LaunchScreen.storyboard */ = {
			isa = PBXVariantGroup;
			children = (
				FBC4340B200739AC00134AB7 /* Base */,
			);
			name = LaunchScreen.storyboard;
			sourceTree = "<group>";
		};
		FBC43415200739AC00134AB7 /* Interface.storyboard */ = {
			isa = PBXVariantGroup;
			children = (
				FBC43416200739AC00134AB7 /* Base */,
			);
			name = Interface.storyboard;
			sourceTree = "<group>";
		};
		FBC43431200739AC00134AB7 /* Main.storyboard */ = {
			isa = PBXVariantGroup;
			children = (
				FBC43432200739AC00134AB7 /* Base */,
			);
			name = Main.storyboard;
			sourceTree = "<group>";
		};
		FBC4343F200739AC00134AB7 /* Main.storyboard */ = {
			isa = PBXVariantGroup;
			children = (
				FBC43440200739AC00134AB7 /* Base */,
			);
			name = Main.storyboard;
			sourceTree = "<group>";
		};
/* End PBXVariantGroup section */

/* Begin XCBuildConfiguration section */
		FB0799592046A16C00F75B82 /* Debug */ = {
			isa = XCBuildConfiguration;
			buildSettings = {
				BUNDLE_LOADER = "$(TEST_HOST)";
				CODE_SIGN_IDENTITY = "iPhone Developer";
				"CODE_SIGN_IDENTITY[sdk=iphoneos*]" = "iPhone Developer";
				CODE_SIGN_STYLE = Automatic;
				DEVELOPMENT_TEAM = "";
				INFOPLIST_FILE = UnitTests/Info.plist;
				IPHONEOS_DEPLOYMENT_TARGET = 11.2;
				LD_RUNPATH_SEARCH_PATHS = "$(inherited) @executable_path/Frameworks @loader_path/Frameworks";
				PRODUCT_BUNDLE_IDENTIFIER = com.boring.company.Jackal.UnitTests;
				PRODUCT_NAME = "$(TARGET_NAME)";
				PROVISIONING_PROFILE_SPECIFIER = "";
				SDKROOT = iphoneos;
				SWIFT_VERSION = 4.0;
				TARGETED_DEVICE_FAMILY = "1,2";
				TEST_HOST = "$(BUILT_PRODUCTS_DIR)/Jackal.app/Jackal";
			};
			name = Debug;
		};
		FB07995A2046A16C00F75B82 /* Release */ = {
			isa = XCBuildConfiguration;
			buildSettings = {
				BUNDLE_LOADER = "$(TEST_HOST)";
				CODE_SIGN_IDENTITY = "iPhone Developer";
				"CODE_SIGN_IDENTITY[sdk=iphoneos*]" = "iPhone Developer";
				CODE_SIGN_STYLE = Automatic;
				DEVELOPMENT_TEAM = "";
				INFOPLIST_FILE = UnitTests/Info.plist;
				IPHONEOS_DEPLOYMENT_TARGET = 11.2;
				LD_RUNPATH_SEARCH_PATHS = "$(inherited) @executable_path/Frameworks @loader_path/Frameworks";
				PRODUCT_BUNDLE_IDENTIFIER = com.boring.company.Jackal.UnitTests;
				PRODUCT_NAME = "$(TARGET_NAME)";
				PROVISIONING_PROFILE_SPECIFIER = "";
				SDKROOT = iphoneos;
				SWIFT_VERSION = 4.0;
				TARGETED_DEVICE_FAMILY = "1,2";
				TEST_HOST = "$(BUILT_PRODUCTS_DIR)/Jackal.app/Jackal";
				VALIDATE_PRODUCT = YES;
			};
			name = Release;
		};
		FBC43452200739AC00134AB7 /* Debug */ = {
			isa = XCBuildConfiguration;
			buildSettings = {
				ALWAYS_SEARCH_USER_PATHS = NO;
				CLANG_ANALYZER_NONNULL = YES;
				CLANG_ANALYZER_NUMBER_OBJECT_CONVERSION = YES_AGGRESSIVE;
				CLANG_CXX_LANGUAGE_STANDARD = "gnu++14";
				CLANG_CXX_LIBRARY = "libc++";
				CLANG_ENABLE_MODULES = YES;
				CLANG_ENABLE_OBJC_ARC = YES;
				CLANG_WARN_BLOCK_CAPTURE_AUTORELEASING = YES;
				CLANG_WARN_BOOL_CONVERSION = YES;
				CLANG_WARN_COMMA = YES;
				CLANG_WARN_CONSTANT_CONVERSION = YES;
				CLANG_WARN_DEPRECATED_OBJC_IMPLEMENTATIONS = YES;
				CLANG_WARN_DIRECT_OBJC_ISA_USAGE = YES_ERROR;
				CLANG_WARN_DOCUMENTATION_COMMENTS = YES;
				CLANG_WARN_EMPTY_BODY = YES;
				CLANG_WARN_ENUM_CONVERSION = YES;
				CLANG_WARN_INFINITE_RECURSION = YES;
				CLANG_WARN_INT_CONVERSION = YES;
				CLANG_WARN_NON_LITERAL_NULL_CONVERSION = YES;
				CLANG_WARN_OBJC_IMPLICIT_RETAIN_SELF = YES;
				CLANG_WARN_OBJC_LITERAL_CONVERSION = YES;
				CLANG_WARN_OBJC_ROOT_CLASS = YES_ERROR;
				CLANG_WARN_RANGE_LOOP_ANALYSIS = YES;
				CLANG_WARN_STRICT_PROTOTYPES = YES;
				CLANG_WARN_SUSPICIOUS_MOVE = YES;
				CLANG_WARN_UNGUARDED_AVAILABILITY = YES_AGGRESSIVE;
				CLANG_WARN_UNREACHABLE_CODE = YES;
				CLANG_WARN__DUPLICATE_METHOD_MATCH = YES;
				COPY_PHASE_STRIP = NO;
				DEBUG_INFORMATION_FORMAT = dwarf;
				ENABLE_STRICT_OBJC_MSGSEND = YES;
				ENABLE_TESTABILITY = YES;
				GCC_C_LANGUAGE_STANDARD = gnu11;
				GCC_DYNAMIC_NO_PIC = NO;
				GCC_NO_COMMON_BLOCKS = YES;
				GCC_OPTIMIZATION_LEVEL = 0;
				GCC_PREPROCESSOR_DEFINITIONS = (
					"DEBUG=1",
					"$(inherited)",
				);
				GCC_WARN_64_TO_32_BIT_CONVERSION = YES;
				GCC_WARN_ABOUT_RETURN_TYPE = YES_ERROR;
				GCC_WARN_UNDECLARED_SELECTOR = YES;
				GCC_WARN_UNINITIALIZED_AUTOS = YES_AGGRESSIVE;
				GCC_WARN_UNUSED_FUNCTION = YES;
				GCC_WARN_UNUSED_VARIABLE = YES;
				MTL_ENABLE_DEBUG_INFO = YES;
				ONLY_ACTIVE_ARCH = YES;
				SWIFT_ACTIVE_COMPILATION_CONDITIONS = DEBUG;
				SWIFT_OPTIMIZATION_LEVEL = "-Onone";
			};
			name = Debug;
		};
		FBC43453200739AC00134AB7 /* Release */ = {
			isa = XCBuildConfiguration;
			buildSettings = {
				ALWAYS_SEARCH_USER_PATHS = NO;
				CLANG_ANALYZER_NONNULL = YES;
				CLANG_ANALYZER_NUMBER_OBJECT_CONVERSION = YES_AGGRESSIVE;
				CLANG_CXX_LANGUAGE_STANDARD = "gnu++14";
				CLANG_CXX_LIBRARY = "libc++";
				CLANG_ENABLE_MODULES = YES;
				CLANG_ENABLE_OBJC_ARC = YES;
				CLANG_WARN_BLOCK_CAPTURE_AUTORELEASING = YES;
				CLANG_WARN_BOOL_CONVERSION = YES;
				CLANG_WARN_COMMA = YES;
				CLANG_WARN_CONSTANT_CONVERSION = YES;
				CLANG_WARN_DEPRECATED_OBJC_IMPLEMENTATIONS = YES;
				CLANG_WARN_DIRECT_OBJC_ISA_USAGE = YES_ERROR;
				CLANG_WARN_DOCUMENTATION_COMMENTS = YES;
				CLANG_WARN_EMPTY_BODY = YES;
				CLANG_WARN_ENUM_CONVERSION = YES;
				CLANG_WARN_INFINITE_RECURSION = YES;
				CLANG_WARN_INT_CONVERSION = YES;
				CLANG_WARN_NON_LITERAL_NULL_CONVERSION = YES;
				CLANG_WARN_OBJC_IMPLICIT_RETAIN_SELF = YES;
				CLANG_WARN_OBJC_LITERAL_CONVERSION = YES;
				CLANG_WARN_OBJC_ROOT_CLASS = YES_ERROR;
				CLANG_WARN_RANGE_LOOP_ANALYSIS = YES;
				CLANG_WARN_STRICT_PROTOTYPES = YES;
				CLANG_WARN_SUSPICIOUS_MOVE = YES;
				CLANG_WARN_UNGUARDED_AVAILABILITY = YES_AGGRESSIVE;
				CLANG_WARN_UNREACHABLE_CODE = YES;
				CLANG_WARN__DUPLICATE_METHOD_MATCH = YES;
				COPY_PHASE_STRIP = NO;
				DEBUG_INFORMATION_FORMAT = "dwarf-with-dsym";
				ENABLE_NS_ASSERTIONS = NO;
				ENABLE_STRICT_OBJC_MSGSEND = YES;
				GCC_C_LANGUAGE_STANDARD = gnu11;
				GCC_NO_COMMON_BLOCKS = YES;
				GCC_WARN_64_TO_32_BIT_CONVERSION = YES;
				GCC_WARN_ABOUT_RETURN_TYPE = YES_ERROR;
				GCC_WARN_UNDECLARED_SELECTOR = YES;
				GCC_WARN_UNINITIALIZED_AUTOS = YES_AGGRESSIVE;
				GCC_WARN_UNUSED_FUNCTION = YES;
				GCC_WARN_UNUSED_VARIABLE = YES;
				MTL_ENABLE_DEBUG_INFO = NO;
				SWIFT_OPTIMIZATION_LEVEL = "-Owholemodule";
			};
			name = Release;
		};
		FBC4345D200739AC00134AB7 /* Debug */ = {
			isa = XCBuildConfiguration;
			buildSettings = {
				ASSETCATALOG_COMPILER_APPICON_NAME = AppIcon;
				CODE_SIGN_IDENTITY = "iPhone Developer";
				CODE_SIGN_STYLE = Manual;
				DEVELOPMENT_TEAM = "";
				INFOPLIST_FILE = "Jackal iOS/Info.plist";
				IPHONEOS_DEPLOYMENT_TARGET = 11.2;
				LD_RUNPATH_SEARCH_PATHS = "$(inherited) @executable_path/Frameworks";
				PRODUCT_BUNDLE_IDENTIFIER = com.boring.company.Jackal;
				PRODUCT_NAME = Jackal;
				PROVISIONING_PROFILE_SPECIFIER = "";
				SDKROOT = iphoneos;
				SWIFT_VERSION = 4.0;
				TARGETED_DEVICE_FAMILY = "1,2";
			};
			name = Debug;
		};
		FBC4345E200739AC00134AB7 /* Release */ = {
			isa = XCBuildConfiguration;
			buildSettings = {
				ASSETCATALOG_COMPILER_APPICON_NAME = AppIcon;
				CODE_SIGN_IDENTITY = "iPhone Developer";
				CODE_SIGN_STYLE = Manual;
				DEVELOPMENT_TEAM = "";
				INFOPLIST_FILE = "Jackal iOS/Info.plist";
				IPHONEOS_DEPLOYMENT_TARGET = 11.2;
				LD_RUNPATH_SEARCH_PATHS = "$(inherited) @executable_path/Frameworks";
				PRODUCT_BUNDLE_IDENTIFIER = com.boring.company.Jackal;
				PRODUCT_NAME = Jackal;
				PROVISIONING_PROFILE_SPECIFIER = "";
				SDKROOT = iphoneos;
				SWIFT_VERSION = 4.0;
				TARGETED_DEVICE_FAMILY = "1,2";
				VALIDATE_PRODUCT = YES;
			};
			name = Release;
		};
		FBC43460200739AC00134AB7 /* Debug */ = {
			isa = XCBuildConfiguration;
			buildSettings = {
				ASSETCATALOG_COMPILER_APPICON_NAME = "tvOS App Icon & Top Shelf Image";
				ASSETCATALOG_COMPILER_LAUNCHIMAGE_NAME = "tvOS LaunchImage";
				CODE_SIGN_STYLE = Automatic;
				INFOPLIST_FILE = "Jackal tvOS/Info.plist";
				LD_RUNPATH_SEARCH_PATHS = "$(inherited) @executable_path/Frameworks";
				PRODUCT_BUNDLE_IDENTIFIER = com.boring.company.Jackal;
				PRODUCT_NAME = Jackal;
				SDKROOT = appletvos;
				SWIFT_VERSION = 4.0;
				TARGETED_DEVICE_FAMILY = 3;
				TVOS_DEPLOYMENT_TARGET = 11.2;
			};
			name = Debug;
		};
		FBC43461200739AC00134AB7 /* Release */ = {
			isa = XCBuildConfiguration;
			buildSettings = {
				ASSETCATALOG_COMPILER_APPICON_NAME = "tvOS App Icon & Top Shelf Image";
				ASSETCATALOG_COMPILER_LAUNCHIMAGE_NAME = "tvOS LaunchImage";
				CODE_SIGN_STYLE = Automatic;
				INFOPLIST_FILE = "Jackal tvOS/Info.plist";
				LD_RUNPATH_SEARCH_PATHS = "$(inherited) @executable_path/Frameworks";
				PRODUCT_BUNDLE_IDENTIFIER = com.boring.company.Jackal;
				PRODUCT_NAME = Jackal;
				SDKROOT = appletvos;
				SWIFT_VERSION = 4.0;
				TARGETED_DEVICE_FAMILY = 3;
				TVOS_DEPLOYMENT_TARGET = 11.2;
				VALIDATE_PRODUCT = YES;
			};
			name = Release;
		};
		FBC43463200739AC00134AB7 /* Debug */ = {
			isa = XCBuildConfiguration;
			buildSettings = {
				ASSETCATALOG_COMPILER_APPICON_NAME = AppIcon;
				CODE_SIGN_IDENTITY = "-";
				CODE_SIGN_STYLE = Automatic;
				COMBINE_HIDPI_IMAGES = YES;
				INFOPLIST_FILE = "Jackal macOS/Info.plist";
				LD_RUNPATH_SEARCH_PATHS = "$(inherited) @executable_path/../Frameworks";
				MACOSX_DEPLOYMENT_TARGET = 10.13;
				PRODUCT_BUNDLE_IDENTIFIER = com.boring.company.Jackal;
				PRODUCT_NAME = Jackal;
				SDKROOT = macosx;
				SWIFT_VERSION = 4.0;
			};
			name = Debug;
		};
		FBC43464200739AC00134AB7 /* Release */ = {
			isa = XCBuildConfiguration;
			buildSettings = {
				ASSETCATALOG_COMPILER_APPICON_NAME = AppIcon;
				CODE_SIGN_IDENTITY = "-";
				CODE_SIGN_STYLE = Automatic;
				COMBINE_HIDPI_IMAGES = YES;
				INFOPLIST_FILE = "Jackal macOS/Info.plist";
				LD_RUNPATH_SEARCH_PATHS = "$(inherited) @executable_path/../Frameworks";
				MACOSX_DEPLOYMENT_TARGET = 10.13;
				PRODUCT_BUNDLE_IDENTIFIER = com.boring.company.Jackal;
				PRODUCT_NAME = Jackal;
				SDKROOT = macosx;
				SWIFT_VERSION = 4.0;
			};
			name = Release;
		};
/* End XCBuildConfiguration section */

/* Begin XCConfigurationList section */
		FB07995B2046A16C00F75B82 /* Build configuration list for PBXNativeTarget "UnitTests" */ = {
			isa = XCConfigurationList;
			buildConfigurations = (
				FB0799592046A16C00F75B82 /* Debug */,
				FB07995A2046A16C00F75B82 /* Release */,
			);
			defaultConfigurationIsVisible = 0;
			defaultConfigurationName = Release;
		};
		FBC433F6200739AC00134AB7 /* Build configuration list for PBXProject "Jackal" */ = {
			isa = XCConfigurationList;
			buildConfigurations = (
				FBC43452200739AC00134AB7 /* Debug */,
				FBC43453200739AC00134AB7 /* Release */,
			);
			defaultConfigurationIsVisible = 0;
			defaultConfigurationName = Release;
		};
		FBC4345C200739AC00134AB7 /* Build configuration list for PBXNativeTarget "Jackal iOS" */ = {
			isa = XCConfigurationList;
			buildConfigurations = (
				FBC4345D200739AC00134AB7 /* Debug */,
				FBC4345E200739AC00134AB7 /* Release */,
			);
			defaultConfigurationIsVisible = 0;
			defaultConfigurationName = Release;
		};
		FBC4345F200739AC00134AB7 /* Build configuration list for PBXNativeTarget "Jackal tvOS" */ = {
			isa = XCConfigurationList;
			buildConfigurations = (
				FBC43460200739AC00134AB7 /* Debug */,
				FBC43461200739AC00134AB7 /* Release */,
			);
			defaultConfigurationIsVisible = 0;
			defaultConfigurationName = Release;
		};
		FBC43462200739AC00134AB7 /* Build configuration list for PBXNativeTarget "Jackal macOS" */ = {
			isa = XCConfigurationList;
			buildConfigurations = (
				FBC43463200739AC00134AB7 /* Debug */,
				FBC43464200739AC00134AB7 /* Release */,
			);
			defaultConfigurationIsVisible = 0;
			defaultConfigurationName = Release;
		};
/* End XCConfigurationList section */
	};
	rootObject = FBC433F3200739AC00134AB7 /* Project object */;
}
