// !$*UTF8*$!
{
	archiveVersion = 1;
	classes = {
	};
	objectVersion = 48;
	objects = {

/* Begin PBXBuildFile section */
		579CF3D5201D038A00DCC9CF /* SpriteKit+Inputs.swift in Sources */ = {isa = PBXBuildFile; fileRef = 579CF3D4201D038A00DCC9CF /* SpriteKit+Inputs.swift */; };
		579CF3D6201D038A00DCC9CF /* SpriteKit+Inputs.swift in Sources */ = {isa = PBXBuildFile; fileRef = 579CF3D4201D038A00DCC9CF /* SpriteKit+Inputs.swift */; };
		579CF3D7201D038A00DCC9CF /* SpriteKit+Inputs.swift in Sources */ = {isa = PBXBuildFile; fileRef = 579CF3D4201D038A00DCC9CF /* SpriteKit+Inputs.swift */; };
		579CF3D9201D0A7000DCC9CF /* InputHandler.swift in Sources */ = {isa = PBXBuildFile; fileRef = 579CF3D8201D0A7000DCC9CF /* InputHandler.swift */; };
		579CF3DA201D0A7000DCC9CF /* InputHandler.swift in Sources */ = {isa = PBXBuildFile; fileRef = 579CF3D8201D0A7000DCC9CF /* InputHandler.swift */; };
		579CF3DB201D0A7000DCC9CF /* InputHandler.swift in Sources */ = {isa = PBXBuildFile; fileRef = 579CF3D8201D0A7000DCC9CF /* InputHandler.swift */; };
		FB77E690201615CC00B9A75B /* FieldNodeEntity.swift in Sources */ = {isa = PBXBuildFile; fileRef = FB77E68F201615CC00B9A75B /* FieldNodeEntity.swift */; };
		FB77E691201615CC00B9A75B /* FieldNodeEntity.swift in Sources */ = {isa = PBXBuildFile; fileRef = FB77E68F201615CC00B9A75B /* FieldNodeEntity.swift */; };
		FB77E692201615CC00B9A75B /* FieldNodeEntity.swift in Sources */ = {isa = PBXBuildFile; fileRef = FB77E68F201615CC00B9A75B /* FieldNodeEntity.swift */; };
		FB77E6942016162F00B9A75B /* SpriteComponent.swift in Sources */ = {isa = PBXBuildFile; fileRef = FB77E6932016162F00B9A75B /* SpriteComponent.swift */; };
		FB77E6952016162F00B9A75B /* SpriteComponent.swift in Sources */ = {isa = PBXBuildFile; fileRef = FB77E6932016162F00B9A75B /* SpriteComponent.swift */; };
		FB77E6962016162F00B9A75B /* SpriteComponent.swift in Sources */ = {isa = PBXBuildFile; fileRef = FB77E6932016162F00B9A75B /* SpriteComponent.swift */; };
		FB77E6982016172400B9A75B /* Level.swift in Sources */ = {isa = PBXBuildFile; fileRef = FB77E6972016172400B9A75B /* Level.swift */; };
		FB77E6992016172400B9A75B /* Level.swift in Sources */ = {isa = PBXBuildFile; fileRef = FB77E6972016172400B9A75B /* Level.swift */; };
		FB77E69A2016172400B9A75B /* Level.swift in Sources */ = {isa = PBXBuildFile; fileRef = FB77E6972016172400B9A75B /* Level.swift */; };
		FB77E69D20161D8500B9A75B /* Game.swift in Sources */ = {isa = PBXBuildFile; fileRef = FB77E69C20161D8500B9A75B /* Game.swift */; };
		FB77E69E20161D8500B9A75B /* Game.swift in Sources */ = {isa = PBXBuildFile; fileRef = FB77E69C20161D8500B9A75B /* Game.swift */; };
		FB77E69F20161D8500B9A75B /* Game.swift in Sources */ = {isa = PBXBuildFile; fileRef = FB77E69C20161D8500B9A75B /* Game.swift */; };
		FBC43404200739AC00134AB7 /* AppDelegate.swift in Sources */ = {isa = PBXBuildFile; fileRef = FBC43403200739AC00134AB7 /* AppDelegate.swift */; };
		FBC43406200739AC00134AB7 /* GameViewController.swift in Sources */ = {isa = PBXBuildFile; fileRef = FBC43405200739AC00134AB7 /* GameViewController.swift */; };
		FBC43409200739AC00134AB7 /* Main.storyboard in Resources */ = {isa = PBXBuildFile; fileRef = FBC43407200739AC00134AB7 /* Main.storyboard */; };
		FBC4340C200739AC00134AB7 /* LaunchScreen.storyboard in Resources */ = {isa = PBXBuildFile; fileRef = FBC4340A200739AC00134AB7 /* LaunchScreen.storyboard */; };
		FBC4342E200739AC00134AB7 /* AppDelegate.swift in Sources */ = {isa = PBXBuildFile; fileRef = FBC4342D200739AC00134AB7 /* AppDelegate.swift */; };
		FBC43430200739AC00134AB7 /* GameViewController.swift in Sources */ = {isa = PBXBuildFile; fileRef = FBC4342F200739AC00134AB7 /* GameViewController.swift */; };
		FBC43433200739AC00134AB7 /* Main.storyboard in Resources */ = {isa = PBXBuildFile; fileRef = FBC43431200739AC00134AB7 /* Main.storyboard */; };
		FBC4343C200739AC00134AB7 /* AppDelegate.swift in Sources */ = {isa = PBXBuildFile; fileRef = FBC4343B200739AC00134AB7 /* AppDelegate.swift */; };
		FBC4343E200739AC00134AB7 /* GameViewController.swift in Sources */ = {isa = PBXBuildFile; fileRef = FBC4343D200739AC00134AB7 /* GameViewController.swift */; };
		FBC43441200739AC00134AB7 /* Main.storyboard in Resources */ = {isa = PBXBuildFile; fileRef = FBC4343F200739AC00134AB7 /* Main.storyboard */; };
		FBC43446200739AC00134AB7 /* GameScene.sks in Resources */ = {isa = PBXBuildFile; fileRef = FBC433F9200739AC00134AB7 /* GameScene.sks */; };
		FBC43448200739AC00134AB7 /* GameScene.sks in Resources */ = {isa = PBXBuildFile; fileRef = FBC433F9200739AC00134AB7 /* GameScene.sks */; };
		FBC43449200739AC00134AB7 /* GameScene.sks in Resources */ = {isa = PBXBuildFile; fileRef = FBC433F9200739AC00134AB7 /* GameScene.sks */; };
		FBC4344A200739AC00134AB7 /* GameScene.swift in Sources */ = {isa = PBXBuildFile; fileRef = FBC433FA200739AC00134AB7 /* GameScene.swift */; };
		FBC4344C200739AC00134AB7 /* GameScene.swift in Sources */ = {isa = PBXBuildFile; fileRef = FBC433FA200739AC00134AB7 /* GameScene.swift */; };
		FBC4344D200739AC00134AB7 /* GameScene.swift in Sources */ = {isa = PBXBuildFile; fileRef = FBC433FA200739AC00134AB7 /* GameScene.swift */; };
		FBC4344E200739AC00134AB7 /* Assets.xcassets in Resources */ = {isa = PBXBuildFile; fileRef = FBC433FB200739AC00134AB7 /* Assets.xcassets */; };
		FBC43450200739AC00134AB7 /* Assets.xcassets in Resources */ = {isa = PBXBuildFile; fileRef = FBC433FB200739AC00134AB7 /* Assets.xcassets */; };
		FBC43451200739AC00134AB7 /* Assets.xcassets in Resources */ = {isa = PBXBuildFile; fileRef = FBC433FB200739AC00134AB7 /* Assets.xcassets */; };
/* End PBXBuildFile section */

/* Begin PBXCopyFilesBuildPhase section */
		FBC4345B200739AC00134AB7 /* Embed Watch Content */ = {
			isa = PBXCopyFilesBuildPhase;
			buildActionMask = 2147483647;
			dstPath = "$(CONTENTS_FOLDER_PATH)/Watch";
			dstSubfolderSpec = 16;
			files = (
			);
			name = "Embed Watch Content";
			runOnlyForDeploymentPostprocessing = 0;
		};
/* End PBXCopyFilesBuildPhase section */

/* Begin PBXFileReference section */
		579CF3D4201D038A00DCC9CF /* SpriteKit+Inputs.swift */ = {isa = PBXFileReference; lastKnownFileType = sourcecode.swift; path = "SpriteKit+Inputs.swift"; sourceTree = "<group>"; };
		579CF3D8201D0A7000DCC9CF /* InputHandler.swift */ = {isa = PBXFileReference; lastKnownFileType = sourcecode.swift; path = InputHandler.swift; sourceTree = "<group>"; };
		FB77E68F201615CC00B9A75B /* FieldNodeEntity.swift */ = {isa = PBXFileReference; lastKnownFileType = sourcecode.swift; path = FieldNodeEntity.swift; sourceTree = "<group>"; };
		FB77E6932016162F00B9A75B /* SpriteComponent.swift */ = {isa = PBXFileReference; lastKnownFileType = sourcecode.swift; path = SpriteComponent.swift; sourceTree = "<group>"; };
		FB77E6972016172400B9A75B /* Level.swift */ = {isa = PBXFileReference; lastKnownFileType = sourcecode.swift; path = Level.swift; sourceTree = "<group>"; };
		FB77E69C20161D8500B9A75B /* Game.swift */ = {isa = PBXFileReference; lastKnownFileType = sourcecode.swift; path = Game.swift; sourceTree = "<group>"; };
		FBC433F9200739AC00134AB7 /* GameScene.sks */ = {isa = PBXFileReference; lastKnownFileType = file.sks; path = GameScene.sks; sourceTree = "<group>"; };
		FBC433FA200739AC00134AB7 /* GameScene.swift */ = {isa = PBXFileReference; lastKnownFileType = sourcecode.swift; path = GameScene.swift; sourceTree = "<group>"; };
		FBC433FB200739AC00134AB7 /* Assets.xcassets */ = {isa = PBXFileReference; lastKnownFileType = folder.assetcatalog; path = Assets.xcassets; sourceTree = "<group>"; };
		FBC43400200739AC00134AB7 /* Jackal.app */ = {isa = PBXFileReference; explicitFileType = wrapper.application; includeInIndex = 0; path = Jackal.app; sourceTree = BUILT_PRODUCTS_DIR; };
		FBC43403200739AC00134AB7 /* AppDelegate.swift */ = {isa = PBXFileReference; lastKnownFileType = sourcecode.swift; path = AppDelegate.swift; sourceTree = "<group>"; };
		FBC43405200739AC00134AB7 /* GameViewController.swift */ = {isa = PBXFileReference; lastKnownFileType = sourcecode.swift; path = GameViewController.swift; sourceTree = "<group>"; };
		FBC43408200739AC00134AB7 /* Base */ = {isa = PBXFileReference; lastKnownFileType = file.storyboard; name = Base; path = Base.lproj/Main.storyboard; sourceTree = "<group>"; };
		FBC4340B200739AC00134AB7 /* Base */ = {isa = PBXFileReference; lastKnownFileType = file.storyboard; name = Base; path = Base.lproj/LaunchScreen.storyboard; sourceTree = "<group>"; };
		FBC4340D200739AC00134AB7 /* Info.plist */ = {isa = PBXFileReference; lastKnownFileType = text.plist.xml; path = Info.plist; sourceTree = "<group>"; };
		FBC43416200739AC00134AB7 /* Base */ = {isa = PBXFileReference; lastKnownFileType = file.storyboard; name = Base; path = Base.lproj/Interface.storyboard; sourceTree = "<group>"; };
		FBC43418200739AC00134AB7 /* Info.plist */ = {isa = PBXFileReference; lastKnownFileType = text.plist.xml; path = Info.plist; sourceTree = "<group>"; };
		FBC43422200739AC00134AB7 /* InterfaceController.swift */ = {isa = PBXFileReference; lastKnownFileType = sourcecode.swift; path = InterfaceController.swift; sourceTree = "<group>"; };
		FBC43424200739AC00134AB7 /* ExtensionDelegate.swift */ = {isa = PBXFileReference; lastKnownFileType = sourcecode.swift; path = ExtensionDelegate.swift; sourceTree = "<group>"; };
		FBC43426200739AC00134AB7 /* Info.plist */ = {isa = PBXFileReference; lastKnownFileType = text.plist.xml; path = Info.plist; sourceTree = "<group>"; };
		FBC4342B200739AC00134AB7 /* Jackal.app */ = {isa = PBXFileReference; explicitFileType = wrapper.application; includeInIndex = 0; path = Jackal.app; sourceTree = BUILT_PRODUCTS_DIR; };
		FBC4342D200739AC00134AB7 /* AppDelegate.swift */ = {isa = PBXFileReference; lastKnownFileType = sourcecode.swift; path = AppDelegate.swift; sourceTree = "<group>"; };
		FBC4342F200739AC00134AB7 /* GameViewController.swift */ = {isa = PBXFileReference; lastKnownFileType = sourcecode.swift; path = GameViewController.swift; sourceTree = "<group>"; };
		FBC43432200739AC00134AB7 /* Base */ = {isa = PBXFileReference; lastKnownFileType = file.storyboard; name = Base; path = Base.lproj/Main.storyboard; sourceTree = "<group>"; };
		FBC43434200739AC00134AB7 /* Info.plist */ = {isa = PBXFileReference; lastKnownFileType = text.plist.xml; path = Info.plist; sourceTree = "<group>"; };
		FBC43439200739AC00134AB7 /* Jackal.app */ = {isa = PBXFileReference; explicitFileType = wrapper.application; includeInIndex = 0; path = Jackal.app; sourceTree = BUILT_PRODUCTS_DIR; };
		FBC4343B200739AC00134AB7 /* AppDelegate.swift */ = {isa = PBXFileReference; lastKnownFileType = sourcecode.swift; path = AppDelegate.swift; sourceTree = "<group>"; };
		FBC4343D200739AC00134AB7 /* GameViewController.swift */ = {isa = PBXFileReference; lastKnownFileType = sourcecode.swift; path = GameViewController.swift; sourceTree = "<group>"; };
		FBC43440200739AC00134AB7 /* Base */ = {isa = PBXFileReference; lastKnownFileType = file.storyboard; name = Base; path = Base.lproj/Main.storyboard; sourceTree = "<group>"; };
		FBC43442200739AC00134AB7 /* Info.plist */ = {isa = PBXFileReference; lastKnownFileType = text.plist.xml; path = Info.plist; sourceTree = "<group>"; };
/* End PBXFileReference section */

/* Begin PBXFrameworksBuildPhase section */
		FBC433FD200739AC00134AB7 /* Frameworks */ = {
			isa = PBXFrameworksBuildPhase;
			buildActionMask = 2147483647;
			files = (
			);
			runOnlyForDeploymentPostprocessing = 0;
		};
		FBC43428200739AC00134AB7 /* Frameworks */ = {
			isa = PBXFrameworksBuildPhase;
			buildActionMask = 2147483647;
			files = (
			);
			runOnlyForDeploymentPostprocessing = 0;
		};
		FBC43436200739AC00134AB7 /* Frameworks */ = {
			isa = PBXFrameworksBuildPhase;
			buildActionMask = 2147483647;
			files = (
			);
			runOnlyForDeploymentPostprocessing = 0;
		};
/* End PBXFrameworksBuildPhase section */

/* Begin PBXGroup section */
		FB77E69B20161D7100B9A75B /* Shared */ = {
			isa = PBXGroup;
			children = (
				FB77E6972016172400B9A75B /* Level.swift */,
				FB77E69C20161D8500B9A75B /* Game.swift */,
				579CF3D8201D0A7000DCC9CF /* InputHandler.swift */,
			);
			path = Shared;
			sourceTree = "<group>";
		};
		FBC433F2200739AC00134AB7 = {
			isa = PBXGroup;
			children = (
				FBC433F7200739AC00134AB7 /* Jackal Shared */,
				FBC43402200739AC00134AB7 /* Jackal iOS */,
				FBC43414200739AC00134AB7 /* Jackal watchOS App */,
				FBC43421200739AC00134AB7 /* Jackal watchOS App Extension */,
				FBC4342C200739AC00134AB7 /* Jackal tvOS */,
				FBC4343A200739AC00134AB7 /* Jackal macOS */,
				FBC43401200739AC00134AB7 /* Products */,
			);
			sourceTree = "<group>";
		};
		FBC433F7200739AC00134AB7 /* Jackal Shared */ = {
			isa = PBXGroup;
			children = (
				FBC4346520073FC200134AB7 /* Playing Field */,
				FBC433FB200739AC00134AB7 /* Assets.xcassets */,
			);
			path = "Jackal Shared";
			sourceTree = "<group>";
		};
		FBC43401200739AC00134AB7 /* Products */ = {
			isa = PBXGroup;
			children = (
				FBC43400200739AC00134AB7 /* Jackal.app */,
				FBC4342B200739AC00134AB7 /* Jackal.app */,
				FBC43439200739AC00134AB7 /* Jackal.app */,
			);
			name = Products;
			sourceTree = "<group>";
		};
		FBC43402200739AC00134AB7 /* Jackal iOS */ = {
			isa = PBXGroup;
			children = (
				FBC43403200739AC00134AB7 /* AppDelegate.swift */,
				FBC43405200739AC00134AB7 /* GameViewController.swift */,
				FBC43407200739AC00134AB7 /* Main.storyboard */,
				FBC4340A200739AC00134AB7 /* LaunchScreen.storyboard */,
				FBC4340D200739AC00134AB7 /* Info.plist */,
			);
			path = "Jackal iOS";
			sourceTree = "<group>";
		};
		FBC43414200739AC00134AB7 /* Jackal watchOS App */ = {
			isa = PBXGroup;
			children = (
				FBC43415200739AC00134AB7 /* Interface.storyboard */,
				FBC43418200739AC00134AB7 /* Info.plist */,
			);
			path = "Jackal watchOS App";
			sourceTree = "<group>";
		};
		FBC43421200739AC00134AB7 /* Jackal watchOS App Extension */ = {
			isa = PBXGroup;
			children = (
				FBC43422200739AC00134AB7 /* InterfaceController.swift */,
				FBC43424200739AC00134AB7 /* ExtensionDelegate.swift */,
				FBC43426200739AC00134AB7 /* Info.plist */,
			);
			path = "Jackal watchOS App Extension";
			sourceTree = "<group>";
		};
		FBC4342C200739AC00134AB7 /* Jackal tvOS */ = {
			isa = PBXGroup;
			children = (
				FBC4342D200739AC00134AB7 /* AppDelegate.swift */,
				FBC4342F200739AC00134AB7 /* GameViewController.swift */,
				FBC43431200739AC00134AB7 /* Main.storyboard */,
				FBC43434200739AC00134AB7 /* Info.plist */,
			);
			path = "Jackal tvOS";
			sourceTree = "<group>";
		};
		FBC4343A200739AC00134AB7 /* Jackal macOS */ = {
			isa = PBXGroup;
			children = (
				FBC4343B200739AC00134AB7 /* AppDelegate.swift */,
				FBC4343D200739AC00134AB7 /* GameViewController.swift */,
				FBC4343F200739AC00134AB7 /* Main.storyboard */,
				FBC43442200739AC00134AB7 /* Info.plist */,
			);
			path = "Jackal macOS";
			sourceTree = "<group>";
		};
		FBC4346520073FC200134AB7 /* Playing Field */ = {
			isa = PBXGroup;
			children = (
				FB77E69B20161D7100B9A75B /* Shared */,
				FBC4346720073FDE00134AB7 /* Entity-Component */,
				FBC4346620073FD200134AB7 /* SpriteKit */,
			);
			path = "Playing Field";
			sourceTree = "<group>";
		};
		FBC4346620073FD200134AB7 /* SpriteKit */ = {
			isa = PBXGroup;
			children = (
				FBC433F9200739AC00134AB7 /* GameScene.sks */,
				FBC433FA200739AC00134AB7 /* GameScene.swift */,
				579CF3D4201D038A00DCC9CF /* SpriteKit+Inputs.swift */,
			);
			path = SpriteKit;
			sourceTree = "<group>";
		};
		FBC4346720073FDE00134AB7 /* Entity-Component */ = {
			isa = PBXGroup;
			children = (
				FBC4346920073FFD00134AB7 /* Components */,
				FBC4346820073FF600134AB7 /* Entities */,
			);
			path = "Entity-Component";
			sourceTree = "<group>";
		};
		FBC4346820073FF600134AB7 /* Entities */ = {
			isa = PBXGroup;
			children = (
				FB77E68F201615CC00B9A75B /* FieldNodeEntity.swift */,
			);
			path = Entities;
			sourceTree = "<group>";
		};
		FBC4346920073FFD00134AB7 /* Components */ = {
			isa = PBXGroup;
			children = (
				FB77E6932016162F00B9A75B /* SpriteComponent.swift */,
			);
			path = Components;
			sourceTree = "<group>";
		};
/* End PBXGroup section */

/* Begin PBXNativeTarget section */
		FBC433FF200739AC00134AB7 /* Jackal iOS */ = {
			isa = PBXNativeTarget;
			buildConfigurationList = FBC4345C200739AC00134AB7 /* Build configuration list for PBXNativeTarget "Jackal iOS" */;
			buildPhases = (
				FBC433FC200739AC00134AB7 /* Sources */,
				FBC433FD200739AC00134AB7 /* Frameworks */,
				FBC433FE200739AC00134AB7 /* Resources */,
				FBC4345B200739AC00134AB7 /* Embed Watch Content */,
			);
			buildRules = (
			);
			dependencies = (
			);
			name = "Jackal iOS";
			productName = "Jackal iOS";
			productReference = FBC43400200739AC00134AB7 /* Jackal.app */;
			productType = "com.apple.product-type.application";
		};
		FBC4342A200739AC00134AB7 /* Jackal tvOS */ = {
			isa = PBXNativeTarget;
			buildConfigurationList = FBC4345F200739AC00134AB7 /* Build configuration list for PBXNativeTarget "Jackal tvOS" */;
			buildPhases = (
				FBC43427200739AC00134AB7 /* Sources */,
				FBC43428200739AC00134AB7 /* Frameworks */,
				FBC43429200739AC00134AB7 /* Resources */,
			);
			buildRules = (
			);
			dependencies = (
			);
			name = "Jackal tvOS";
			productName = "Jackal tvOS";
			productReference = FBC4342B200739AC00134AB7 /* Jackal.app */;
			productType = "com.apple.product-type.application";
		};
		FBC43438200739AC00134AB7 /* Jackal macOS */ = {
			isa = PBXNativeTarget;
			buildConfigurationList = FBC43462200739AC00134AB7 /* Build configuration list for PBXNativeTarget "Jackal macOS" */;
			buildPhases = (
				FBC43435200739AC00134AB7 /* Sources */,
				FBC43436200739AC00134AB7 /* Frameworks */,
				FBC43437200739AC00134AB7 /* Resources */,
			);
			buildRules = (
			);
			dependencies = (
			);
			name = "Jackal macOS";
			productName = "Jackal macOS";
			productReference = FBC43439200739AC00134AB7 /* Jackal.app */;
			productType = "com.apple.product-type.application";
		};
/* End PBXNativeTarget section */

/* Begin PBXProject section */
		FBC433F3200739AC00134AB7 /* Project object */ = {
			isa = PBXProject;
			attributes = {
				LastSwiftUpdateCheck = 0920;
				LastUpgradeCheck = 0920;
				ORGANIZATIONNAME = "Boring Company";
				TargetAttributes = {
					FBC433FF200739AC00134AB7 = {
						CreatedOnToolsVersion = 9.2;
						ProvisioningStyle = Automatic;
					};
					FBC4342A200739AC00134AB7 = {
						CreatedOnToolsVersion = 9.2;
						ProvisioningStyle = Automatic;
					};
					FBC43438200739AC00134AB7 = {
						CreatedOnToolsVersion = 9.2;
						ProvisioningStyle = Automatic;
					};
				};
			};
			buildConfigurationList = FBC433F6200739AC00134AB7 /* Build configuration list for PBXProject "Jackal" */;
			compatibilityVersion = "Xcode 8.0";
			developmentRegion = en;
			hasScannedForEncodings = 0;
			knownRegions = (
				en,
				Base,
			);
			mainGroup = FBC433F2200739AC00134AB7;
			productRefGroup = FBC43401200739AC00134AB7 /* Products */;
			projectDirPath = "";
			projectRoot = "";
			targets = (
				FBC433FF200739AC00134AB7 /* Jackal iOS */,
				FBC4342A200739AC00134AB7 /* Jackal tvOS */,
				FBC43438200739AC00134AB7 /* Jackal macOS */,
			);
		};
/* End PBXProject section */

/* Begin PBXResourcesBuildPhase section */
		FBC433FE200739AC00134AB7 /* Resources */ = {
			isa = PBXResourcesBuildPhase;
			buildActionMask = 2147483647;
			files = (
				FBC43446200739AC00134AB7 /* GameScene.sks in Resources */,
				FBC43409200739AC00134AB7 /* Main.storyboard in Resources */,
				FBC4340C200739AC00134AB7 /* LaunchScreen.storyboard in Resources */,
				FBC4344E200739AC00134AB7 /* Assets.xcassets in Resources */,
			);
			runOnlyForDeploymentPostprocessing = 0;
		};
		FBC43429200739AC00134AB7 /* Resources */ = {
			isa = PBXResourcesBuildPhase;
			buildActionMask = 2147483647;
			files = (
				FBC43433200739AC00134AB7 /* Main.storyboard in Resources */,
				FBC43448200739AC00134AB7 /* GameScene.sks in Resources */,
				FBC43450200739AC00134AB7 /* Assets.xcassets in Resources */,
			);
			runOnlyForDeploymentPostprocessing = 0;
		};
		FBC43437200739AC00134AB7 /* Resources */ = {
			isa = PBXResourcesBuildPhase;
			buildActionMask = 2147483647;
			files = (
				FBC43441200739AC00134AB7 /* Main.storyboard in Resources */,
				FBC43449200739AC00134AB7 /* GameScene.sks in Resources */,
				FBC43451200739AC00134AB7 /* Assets.xcassets in Resources */,
			);
			runOnlyForDeploymentPostprocessing = 0;
		};
/* End PBXResourcesBuildPhase section */

/* Begin PBXSourcesBuildPhase section */
		FBC433FC200739AC00134AB7 /* Sources */ = {
			isa = PBXSourcesBuildPhase;
			buildActionMask = 2147483647;
			files = (
				FB77E6982016172400B9A75B /* Level.swift in Sources */,
				579CF3D9201D0A7000DCC9CF /* InputHandler.swift in Sources */,
				FBC4344A200739AC00134AB7 /* GameScene.swift in Sources */,
				FB77E69D20161D8500B9A75B /* Game.swift in Sources */,
				FB77E6942016162F00B9A75B /* SpriteComponent.swift in Sources */,
				FBC43406200739AC00134AB7 /* GameViewController.swift in Sources */,
				FBC43404200739AC00134AB7 /* AppDelegate.swift in Sources */,
				579CF3D5201D038A00DCC9CF /* SpriteKit+Inputs.swift in Sources */,
				FB77E690201615CC00B9A75B /* FieldNodeEntity.swift in Sources */,
			);
			runOnlyForDeploymentPostprocessing = 0;
		};
		FBC43427200739AC00134AB7 /* Sources */ = {
			isa = PBXSourcesBuildPhase;
			buildActionMask = 2147483647;
			files = (
				FB77E6992016172400B9A75B /* Level.swift in Sources */,
				579CF3DA201D0A7000DCC9CF /* InputHandler.swift in Sources */,
				FBC4344C200739AC00134AB7 /* GameScene.swift in Sources */,
				FB77E69E20161D8500B9A75B /* Game.swift in Sources */,
				FB77E6952016162F00B9A75B /* SpriteComponent.swift in Sources */,
				FBC43430200739AC00134AB7 /* GameViewController.swift in Sources */,
				FBC4342E200739AC00134AB7 /* AppDelegate.swift in Sources */,
				579CF3D6201D038A00DCC9CF /* SpriteKit+Inputs.swift in Sources */,
				FB77E691201615CC00B9A75B /* FieldNodeEntity.swift in Sources */,
			);
			runOnlyForDeploymentPostprocessing = 0;
		};
		FBC43435200739AC00134AB7 /* Sources */ = {
			isa = PBXSourcesBuildPhase;
			buildActionMask = 2147483647;
			files = (
				FB77E69A2016172400B9A75B /* Level.swift in Sources */,
				579CF3DB201D0A7000DCC9CF /* InputHandler.swift in Sources */,
				FBC4344D200739AC00134AB7 /* GameScene.swift in Sources */,
				FB77E69F20161D8500B9A75B /* Game.swift in Sources */,
				FB77E6962016162F00B9A75B /* SpriteComponent.swift in Sources */,
				FBC4343E200739AC00134AB7 /* GameViewController.swift in Sources */,
				FBC4343C200739AC00134AB7 /* AppDelegate.swift in Sources */,
				579CF3D7201D038A00DCC9CF /* SpriteKit+Inputs.swift in Sources */,
				FB77E692201615CC00B9A75B /* FieldNodeEntity.swift in Sources */,
			);
			runOnlyForDeploymentPostprocessing = 0;
		};
/* End PBXSourcesBuildPhase section */

/* Begin PBXVariantGroup section */
		FBC43407200739AC00134AB7 /* Main.storyboard */ = {
			isa = PBXVariantGroup;
			children = (
				FBC43408200739AC00134AB7 /* Base */,
			);
			name = Main.storyboard;
			sourceTree = "<group>";
		};
		FBC4340A200739AC00134AB7 /* LaunchScreen.storyboard */ = {
			isa = PBXVariantGroup;
			children = (
				FBC4340B200739AC00134AB7 /* Base */,
			);
			name = LaunchScreen.storyboard;
			sourceTree = "<group>";
		};
		FBC43415200739AC00134AB7 /* Interface.storyboard */ = {
			isa = PBXVariantGroup;
			children = (
				FBC43416200739AC00134AB7 /* Base */,
			);
			name = Interface.storyboard;
			sourceTree = "<group>";
		};
		FBC43431200739AC00134AB7 /* Main.storyboard */ = {
			isa = PBXVariantGroup;
			children = (
				FBC43432200739AC00134AB7 /* Base */,
			);
			name = Main.storyboard;
			sourceTree = "<group>";
		};
		FBC4343F200739AC00134AB7 /* Main.storyboard */ = {
			isa = PBXVariantGroup;
			children = (
				FBC43440200739AC00134AB7 /* Base */,
			);
			name = Main.storyboard;
			sourceTree = "<group>";
		};
/* End PBXVariantGroup section */

/* Begin XCBuildConfiguration section */
		FBC43452200739AC00134AB7 /* Debug */ = {
			isa = XCBuildConfiguration;
			buildSettings = {
				ALWAYS_SEARCH_USER_PATHS = NO;
				CLANG_ANALYZER_NONNULL = YES;
				CLANG_ANALYZER_NUMBER_OBJECT_CONVERSION = YES_AGGRESSIVE;
				CLANG_CXX_LANGUAGE_STANDARD = "gnu++14";
				CLANG_CXX_LIBRARY = "libc++";
				CLANG_ENABLE_MODULES = YES;
				CLANG_ENABLE_OBJC_ARC = YES;
				CLANG_WARN_BLOCK_CAPTURE_AUTORELEASING = YES;
				CLANG_WARN_BOOL_CONVERSION = YES;
				CLANG_WARN_COMMA = YES;
				CLANG_WARN_CONSTANT_CONVERSION = YES;
				CLANG_WARN_DIRECT_OBJC_ISA_USAGE = YES_ERROR;
				CLANG_WARN_DOCUMENTATION_COMMENTS = YES;
				CLANG_WARN_EMPTY_BODY = YES;
				CLANG_WARN_ENUM_CONVERSION = YES;
				CLANG_WARN_INFINITE_RECURSION = YES;
				CLANG_WARN_INT_CONVERSION = YES;
				CLANG_WARN_NON_LITERAL_NULL_CONVERSION = YES;
				CLANG_WARN_OBJC_LITERAL_CONVERSION = YES;
				CLANG_WARN_OBJC_ROOT_CLASS = YES_ERROR;
				CLANG_WARN_RANGE_LOOP_ANALYSIS = YES;
				CLANG_WARN_STRICT_PROTOTYPES = YES;
				CLANG_WARN_SUSPICIOUS_MOVE = YES;
				CLANG_WARN_UNGUARDED_AVAILABILITY = YES_AGGRESSIVE;
				CLANG_WARN_UNREACHABLE_CODE = YES;
				CLANG_WARN__DUPLICATE_METHOD_MATCH = YES;
				COPY_PHASE_STRIP = NO;
				DEBUG_INFORMATION_FORMAT = dwarf;
				ENABLE_STRICT_OBJC_MSGSEND = YES;
				ENABLE_TESTABILITY = YES;
				GCC_C_LANGUAGE_STANDARD = gnu11;
				GCC_DYNAMIC_NO_PIC = NO;
				GCC_NO_COMMON_BLOCKS = YES;
				GCC_OPTIMIZATION_LEVEL = 0;
				GCC_PREPROCESSOR_DEFINITIONS = (
					"DEBUG=1",
					"$(inherited)",
				);
				GCC_WARN_64_TO_32_BIT_CONVERSION = YES;
				GCC_WARN_ABOUT_RETURN_TYPE = YES_ERROR;
				GCC_WARN_UNDECLARED_SELECTOR = YES;
				GCC_WARN_UNINITIALIZED_AUTOS = YES_AGGRESSIVE;
				GCC_WARN_UNUSED_FUNCTION = YES;
				GCC_WARN_UNUSED_VARIABLE = YES;
				MTL_ENABLE_DEBUG_INFO = YES;
				ONLY_ACTIVE_ARCH = YES;
				SWIFT_ACTIVE_COMPILATION_CONDITIONS = DEBUG;
				SWIFT_OPTIMIZATION_LEVEL = "-Onone";
			};
			name = Debug;
		};
		FBC43453200739AC00134AB7 /* Release */ = {
			isa = XCBuildConfiguration;
			buildSettings = {
				ALWAYS_SEARCH_USER_PATHS = NO;
				CLANG_ANALYZER_NONNULL = YES;
				CLANG_ANALYZER_NUMBER_OBJECT_CONVERSION = YES_AGGRESSIVE;
				CLANG_CXX_LANGUAGE_STANDARD = "gnu++14";
				CLANG_CXX_LIBRARY = "libc++";
				CLANG_ENABLE_MODULES = YES;
				CLANG_ENABLE_OBJC_ARC = YES;
				CLANG_WARN_BLOCK_CAPTURE_AUTORELEASING = YES;
				CLANG_WARN_BOOL_CONVERSION = YES;
				CLANG_WARN_COMMA = YES;
				CLANG_WARN_CONSTANT_CONVERSION = YES;
				CLANG_WARN_DIRECT_OBJC_ISA_USAGE = YES_ERROR;
				CLANG_WARN_DOCUMENTATION_COMMENTS = YES;
				CLANG_WARN_EMPTY_BODY = YES;
				CLANG_WARN_ENUM_CONVERSION = YES;
				CLANG_WARN_INFINITE_RECURSION = YES;
				CLANG_WARN_INT_CONVERSION = YES;
				CLANG_WARN_NON_LITERAL_NULL_CONVERSION = YES;
				CLANG_WARN_OBJC_LITERAL_CONVERSION = YES;
				CLANG_WARN_OBJC_ROOT_CLASS = YES_ERROR;
				CLANG_WARN_RANGE_LOOP_ANALYSIS = YES;
				CLANG_WARN_STRICT_PROTOTYPES = YES;
				CLANG_WARN_SUSPICIOUS_MOVE = YES;
				CLANG_WARN_UNGUARDED_AVAILABILITY = YES_AGGRESSIVE;
				CLANG_WARN_UNREACHABLE_CODE = YES;
				CLANG_WARN__DUPLICATE_METHOD_MATCH = YES;
				COPY_PHASE_STRIP = NO;
				DEBUG_INFORMATION_FORMAT = "dwarf-with-dsym";
				ENABLE_NS_ASSERTIONS = NO;
				ENABLE_STRICT_OBJC_MSGSEND = YES;
				GCC_C_LANGUAGE_STANDARD = gnu11;
				GCC_NO_COMMON_BLOCKS = YES;
				GCC_WARN_64_TO_32_BIT_CONVERSION = YES;
				GCC_WARN_ABOUT_RETURN_TYPE = YES_ERROR;
				GCC_WARN_UNDECLARED_SELECTOR = YES;
				GCC_WARN_UNINITIALIZED_AUTOS = YES_AGGRESSIVE;
				GCC_WARN_UNUSED_FUNCTION = YES;
				GCC_WARN_UNUSED_VARIABLE = YES;
				MTL_ENABLE_DEBUG_INFO = NO;
				SWIFT_OPTIMIZATION_LEVEL = "-Owholemodule";
			};
			name = Release;
		};
		FBC4345D200739AC00134AB7 /* Debug */ = {
			isa = XCBuildConfiguration;
			buildSettings = {
				ASSETCATALOG_COMPILER_APPICON_NAME = AppIcon;
				CODE_SIGN_IDENTITY = "iPhone Developer";
				CODE_SIGN_STYLE = Automatic;
				INFOPLIST_FILE = "Jackal iOS/Info.plist";
				IPHONEOS_DEPLOYMENT_TARGET = 11.2;
				LD_RUNPATH_SEARCH_PATHS = "$(inherited) @executable_path/Frameworks";
				PRODUCT_BUNDLE_IDENTIFIER = com.boring.company.Jackal;
				PRODUCT_NAME = Jackal;
				SDKROOT = iphoneos;
				SWIFT_VERSION = 4.0;
				TARGETED_DEVICE_FAMILY = "1,2";
			};
			name = Debug;
		};
		FBC4345E200739AC00134AB7 /* Release */ = {
			isa = XCBuildConfiguration;
			buildSettings = {
				ASSETCATALOG_COMPILER_APPICON_NAME = AppIcon;
				CODE_SIGN_IDENTITY = "iPhone Developer";
				CODE_SIGN_STYLE = Automatic;
				INFOPLIST_FILE = "Jackal iOS/Info.plist";
				IPHONEOS_DEPLOYMENT_TARGET = 11.2;
				LD_RUNPATH_SEARCH_PATHS = "$(inherited) @executable_path/Frameworks";
				PRODUCT_BUNDLE_IDENTIFIER = com.boring.company.Jackal;
				PRODUCT_NAME = Jackal;
				SDKROOT = iphoneos;
				SWIFT_VERSION = 4.0;
				TARGETED_DEVICE_FAMILY = "1,2";
				VALIDATE_PRODUCT = YES;
			};
			name = Release;
		};
		FBC43460200739AC00134AB7 /* Debug */ = {
			isa = XCBuildConfiguration;
			buildSettings = {
				ASSETCATALOG_COMPILER_APPICON_NAME = "tvOS App Icon & Top Shelf Image";
				ASSETCATALOG_COMPILER_LAUNCHIMAGE_NAME = "tvOS LaunchImage";
				CODE_SIGN_STYLE = Automatic;
				INFOPLIST_FILE = "Jackal tvOS/Info.plist";
				LD_RUNPATH_SEARCH_PATHS = "$(inherited) @executable_path/Frameworks";
				PRODUCT_BUNDLE_IDENTIFIER = com.boring.company.Jackal;
				PRODUCT_NAME = Jackal;
				SDKROOT = appletvos;
				SWIFT_VERSION = 4.0;
				TARGETED_DEVICE_FAMILY = 3;
				TVOS_DEPLOYMENT_TARGET = 11.2;
			};
			name = Debug;
		};
		FBC43461200739AC00134AB7 /* Release */ = {
			isa = XCBuildConfiguration;
			buildSettings = {
				ASSETCATALOG_COMPILER_APPICON_NAME = "tvOS App Icon & Top Shelf Image";
				ASSETCATALOG_COMPILER_LAUNCHIMAGE_NAME = "tvOS LaunchImage";
				CODE_SIGN_STYLE = Automatic;
				INFOPLIST_FILE = "Jackal tvOS/Info.plist";
				LD_RUNPATH_SEARCH_PATHS = "$(inherited) @executable_path/Frameworks";
				PRODUCT_BUNDLE_IDENTIFIER = com.boring.company.Jackal;
				PRODUCT_NAME = Jackal;
				SDKROOT = appletvos;
				SWIFT_VERSION = 4.0;
				TARGETED_DEVICE_FAMILY = 3;
				TVOS_DEPLOYMENT_TARGET = 11.2;
				VALIDATE_PRODUCT = YES;
			};
			name = Release;
		};
		FBC43463200739AC00134AB7 /* Debug */ = {
			isa = XCBuildConfiguration;
			buildSettings = {
				ASSETCATALOG_COMPILER_APPICON_NAME = AppIcon;
				CODE_SIGN_IDENTITY = "-";
				CODE_SIGN_STYLE = Automatic;
				COMBINE_HIDPI_IMAGES = YES;
				INFOPLIST_FILE = "Jackal macOS/Info.plist";
				LD_RUNPATH_SEARCH_PATHS = "$(inherited) @executable_path/../Frameworks";
				MACOSX_DEPLOYMENT_TARGET = 10.13;
				PRODUCT_BUNDLE_IDENTIFIER = com.boring.company.Jackal;
				PRODUCT_NAME = Jackal;
				SDKROOT = macosx;
				SWIFT_VERSION = 4.0;
			};
			name = Debug;
		};
		FBC43464200739AC00134AB7 /* Release */ = {
			isa = XCBuildConfiguration;
			buildSettings = {
				ASSETCATALOG_COMPILER_APPICON_NAME = AppIcon;
				CODE_SIGN_IDENTITY = "-";
				CODE_SIGN_STYLE = Automatic;
				COMBINE_HIDPI_IMAGES = YES;
				INFOPLIST_FILE = "Jackal macOS/Info.plist";
				LD_RUNPATH_SEARCH_PATHS = "$(inherited) @executable_path/../Frameworks";
				MACOSX_DEPLOYMENT_TARGET = 10.13;
				PRODUCT_BUNDLE_IDENTIFIER = com.boring.company.Jackal;
				PRODUCT_NAME = Jackal;
				SDKROOT = macosx;
				SWIFT_VERSION = 4.0;
			};
			name = Release;
		};
/* End XCBuildConfiguration section */

/* Begin XCConfigurationList section */
		FBC433F6200739AC00134AB7 /* Build configuration list for PBXProject "Jackal" */ = {
			isa = XCConfigurationList;
			buildConfigurations = (
				FBC43452200739AC00134AB7 /* Debug */,
				FBC43453200739AC00134AB7 /* Release */,
			);
			defaultConfigurationIsVisible = 0;
			defaultConfigurationName = Release;
		};
		FBC4345C200739AC00134AB7 /* Build configuration list for PBXNativeTarget "Jackal iOS" */ = {
			isa = XCConfigurationList;
			buildConfigurations = (
				FBC4345D200739AC00134AB7 /* Debug */,
				FBC4345E200739AC00134AB7 /* Release */,
			);
			defaultConfigurationIsVisible = 0;
			defaultConfigurationName = Release;
		};
		FBC4345F200739AC00134AB7 /* Build configuration list for PBXNativeTarget "Jackal tvOS" */ = {
			isa = XCConfigurationList;
			buildConfigurations = (
				FBC43460200739AC00134AB7 /* Debug */,
				FBC43461200739AC00134AB7 /* Release */,
			);
			defaultConfigurationIsVisible = 0;
			defaultConfigurationName = Release;
		};
		FBC43462200739AC00134AB7 /* Build configuration list for PBXNativeTarget "Jackal macOS" */ = {
			isa = XCConfigurationList;
			buildConfigurations = (
				FBC43463200739AC00134AB7 /* Debug */,
				FBC43464200739AC00134AB7 /* Release */,
			);
			defaultConfigurationIsVisible = 0;
			defaultConfigurationName = Release;
		};
/* End XCConfigurationList section */
	};
	rootObject = FBC433F3200739AC00134AB7 /* Project object */;
}
